
Microsoft Visual Studio Solution File, Format Version 12.00
# Visual Studio 15
VisualStudioVersion = 15.0.28307.1321
MinimumVisualStudioVersion = 10.0.40219.1
Project("{FAE04EC0-301F-11D3-BF4B-00C04F79EFBC}") = "EDIWareHouseTrans", "EDIWareHouseTrans.csproj", "{A9A356BB-4001-47AB-9A54-01A61839931D}"
EndProject
Global
	GlobalSection(SolutionConfigurationPlatforms) = preSolution
		Debug|Any CPU = Debug|Any CPU
		Release|Any CPU = Release|Any CPU
	EndGlobalSection
	GlobalSection(ProjectConfigurationPlatforms) = postSolution
		{A9A356BB-4001-47AB-9A54-01A61839931D}.Debug|Any CPU.ActiveCfg = Debug|Any CPU
		{A9A356BB-4001-47AB-9A54-01A61839931D}.Debug|Any CPU.Build.0 = Debug|Any CPU
		{A9A356BB-4001-47AB-9A54-01A61839931D}.Release|Any CPU.ActiveCfg = Release|Any CPU
		{A9A356BB-4001-47AB-9A54-01A61839931D}.Release|Any CPU.Build.0 = Release|Any CPU
	EndGlobalSection
	GlobalSection(SolutionProperties) = preSolution
		HideSolutionNode = FALSE
	EndGlobalSection
	GlobalSection(ExtensibilityGlobals) = postSolution
		SolutionGuid = {BB5DC0A4-FC64-4761-BA56-2339463AB897}
	EndGlobalSection
EndGlobal
