
Microsoft Visual Studio Solution File, Format Version 12.00
# Visual Studio Version 16
VisualStudioVersion = 16.0.29519.87
MinimumVisualStudioVersion = 10.0.40219.1
Project("{2150E333-8FDC-42A3-9474-1A3956D46DE8}") = "Shipping", "Shipping", "{E1325558-AB53-4A6C-B557-E124CC3312E0}"
EndProject
Project("{FAE04EC0-301F-11D3-BF4B-00C04F79EFBC}") = "AutoAssignSID", "Shipping\AutoAssignSID\AutoAssignSID.csproj", "{1CF411AB-1B9C-465D-8151-9A49116DF08D}"
EndProject
Project("{2150E333-8FDC-42A3-9474-1A3956D46DE8}") = "Common", "Common", "{B8619DAE-1408-401D-B719-360D6392A1C5}"
EndProject
Project("{FAE04EC0-301F-11D3-BF4B-00C04F79EFBC}") = "CRReport", "Common\CRReport\CRReport.csproj", "{0D8E3DC0-AF54-4332-AB44-15EF770B4ABD}"
EndProject
Project("{FAE04EC0-301F-11D3-BF4B-00C04F79EFBC}") = "LibHelper", "Common\LibHelper\LibHelper.csproj", "{504FC282-31B5-4A4F-B76F-8FBEF4D9E656}"
EndProject
Project("{FAE04EC0-301F-11D3-BF4B-00C04F79EFBC}") = "Reverse", "Common\Reserve\Reverse.csproj", "{9DE7D1F8-4DB5-455A-B004-7BB855F0B1B4}"
EndProject
Project("{FAE04EC0-301F-11D3-BF4B-00C04F79EFBC}") = "Write_ReaderTxt", "Common\Write_ReaderTxt\Write_ReaderTxt.csproj", "{1198F0C0-88AD-4549-B54F-9C5502B6A94F}"
EndProject
Project("{FAE04EC0-301F-11D3-BF4B-00C04F79EFBC}") = "InPaShippingLabel", "Common\InPaShippingLabel\InPaShippingLabel.csproj", "{B90CFEA3-781A-4F82-9053-5162007889EB}"
EndProject
Project("{FAE04EC0-301F-11D3-BF4B-00C04F79EFBC}") = "MixDN", "Common\MixDN\MixDN.csproj", "{2C6A0E1E-2E9B-4311-B8A1-6277EED085FB}"
EndProject
Project("{FAE04EC0-301F-11D3-BF4B-00C04F79EFBC}") = "PrintShippingPalletLabel", "Common\PrintShippingPalletLabel\PrintShippingPalletLabel.csproj", "{AFF1CE85-4F10-429C-9927-041B934CDA84}"
EndProject
Project("{FAE04EC0-301F-11D3-BF4B-00C04F79EFBC}") = "PTTWebServices", "Common\PTTWebServices\PTTWebServices.csproj", "{D6CC911B-90AC-4548-9D8A-F8D79270D115}"
EndProject
Project("{FAE04EC0-301F-11D3-BF4B-00C04F79EFBC}") = "Sentdirectedi", "Common\Sentdirectedi\Sentdirectedi.csproj", "{B1C5BDD8-EDEC-4A7D-82C9-97718566C3C6}"
EndProject
Project("{FAE04EC0-301F-11D3-BF4B-00C04F79EFBC}") = "Sentedi", "Common\Sentedi\Sentedi.csproj", "{196851C3-E873-473F-B8FD-90AD7658997D}"
EndProject
Project("{FAE04EC0-301F-11D3-BF4B-00C04F79EFBC}") = "Check", "Shipping\Check\Check.csproj", "{45913BD3-AE5E-457B-92B9-8FBA0B84D421}"
EndProject
Project("{FAE04EC0-301F-11D3-BF4B-00C04F79EFBC}") = "CustomExport", "Shipping\CustomExport\CustomExport.csproj", "{6D71911F-82DC-4941-86FF-389A134E67DF}"
EndProject
Project("{FAE04EC0-301F-11D3-BF4B-00C04F79EFBC}") = "MPartCheck", "Shipping\MPartCheck\MPartCheck.csproj", "{7CDD3788-2DE1-40F8-AEC1-FD95B7EDA156}"
EndProject
Project("{FAE04EC0-301F-11D3-BF4B-00C04F79EFBC}") = "Pack", "Shipping\Pack\Pack.csproj", "{DDFAA42D-E0D2-4337-A52C-E192ECFE2240}"
EndProject
Project("{FAE04EC0-301F-11D3-BF4B-00C04F79EFBC}") = "PackLogic", "Shipping\PackLogic\PackLogic.csproj", "{BBA09764-24CA-4ACB-8119-24C13ED7A146}"
EndProject
Project("{FAE04EC0-301F-11D3-BF4B-00C04F79EFBC}") = "PickList", "Shipping\Pick\PickList.csproj", "{139E4CA7-0BFE-4219-BEAF-27D272CE03E6}"
EndProject
Project("{FAE04EC0-301F-11D3-BF4B-00C04F79EFBC}") = "QHold", "Shipping\QHold\QHold.csproj", "{23A911C2-37B5-430A-9D4E-68331EAA7349}"
EndProject
Project("{FAE04EC0-301F-11D3-BF4B-00C04F79EFBC}") = "RollbackDN", "Shipping\RollbackDN\RollbackDN.csproj", "{9916387B-2F00-4C51-AF0D-10B2BCE4419C}"
EndProject
Project("{FAE04EC0-301F-11D3-BF4B-00C04F79EFBC}") = "SecurityCheck", "Shipping\SecurityCheck\SecurityCheck.csproj", "{F464939A-60A3-42C4-AD23-97842ED1F544}"
EndProject
Project("{FAE04EC0-301F-11D3-BF4B-00C04F79EFBC}") = "Shipment", "Shipping\Shipment\Shipment.csproj", "{A6A35B62-A13D-47BE-8229-DE7F214CDA4A}"
EndProject
Project("{FAE04EC0-301F-11D3-BF4B-00C04F79EFBC}") = "UpLoad856", "Shipping\UpLoad856\UpLoad856.csproj", "{478EA557-4A55-466C-9951-E6CF49C62837}"
EndProject
Project("{FAE04EC0-301F-11D3-BF4B-00C04F79EFBC}") = "Weight", "Shipping\Weight\Weight.csproj", "{0AAF8AF0-2B01-49A6-9023-56C6243216BF}"
EndProject
Project("{FAE04EC0-301F-11D3-BF4B-00C04F79EFBC}") = "wmsReport", "Shipping\wmsReport\wmsReport.csproj", "{A4246FBD-E2AB-412F-8C90-1D3CCFDBC335}"
EndProject
Project("{FAE04EC0-301F-11D3-BF4B-00C04F79EFBC}") = "WMSTransIN", "Shipping\WMSTransIN\WMSTransIN.csproj", "{68F8E766-5556-4408-962E-FF1C46B92E20}"
EndProject
Project("{FAE04EC0-301F-11D3-BF4B-00C04F79EFBC}") = "MESModel", "Common\MESModel\MESModel.csproj", "{A88BEEBE-5D77-4321-8186-658A208E2FAA}"
EndProject
Project("{FAE04EC0-301F-11D3-BF4B-00C04F79EFBC}") = "ClientUtils", "..\ClientUtils\ClientUtils.csproj", "{19BA5AAA-2373-4807-B207-C88C48517264}"
EndProject
Project("{2150E333-8FDC-42A3-9474-1A3956D46DE8}") = "DataCenter", "DataCenter", "{3B0B5078-3954-47AA-B605-AE57F5C01C2C}"
EndProject
Project("{FAE04EC0-301F-11D3-BF4B-00C04F79EFBC}") = "CRole", "..\DataCenter\CROLE_1.0.0.7\CRole.csproj", "{7607EA01-A25D-43B1-93F3-BEDF8A653A65}"
EndProject
Project("{FAE04EC0-301F-11D3-BF4B-00C04F79EFBC}") = "CDept", "..\DataCenter\Department_1.0.0.2\CDept.csproj", "{8406361A-1667-4EC3-8E70-72E121B4ED27}"
EndProject
Project("{FAE04EC0-301F-11D3-BF4B-00C04F79EFBC}") = "CEmp", "..\DataCenter\Employee_1.0.0.3\CEmp.csproj", "{50022537-57AC-4048-B8EB-6490E959AC9B}"
EndProject
Project("{2150E333-8FDC-42A3-9474-1A3956D46DE8}") = "WMS", "WMS", "{3367E018-A149-4217-8539-5BE6D4E1B394}"
EndProject
Project("{FAE04EC0-301F-11D3-BF4B-00C04F79EFBC}") = "EDIWarehouseInOUT", "WMS\EDIWarehouseInOUT\EDIWarehouseInOUT.csproj", "{149955B6-2369-4DC2-9CDD-05EC38F2C8B4}"
EndProject
Project("{2150E333-8FDC-42A3-9474-1A3956D46DE8}") = "WCF", "WCF", "{12F3D57F-8F01-4438-AB92-2B22F56B6E9E}"
EndProject
Project("{FAE04EC0-301F-11D3-BF4B-00C04F79EFBC}") = "PPSToMESWcf", "..\WCF\PPSToMESWcf\PPSToMESWcf.csproj", "{954D34E1-3BE1-4741-B1FA-1C4B442A8124}"
EndProject
Project("{2150E333-8FDC-42A3-9474-1A3956D46DE8}") = "shippingAC", "shippingAC", "{1AF59B29-457A-41EE-9418-B7FA65AB87FE}"
EndProject
Project("{FAE04EC0-301F-11D3-BF4B-00C04F79EFBC}") = "CheckAC", "NONEDIPPS\CheckAC\CheckAC.csproj", "{09B098A2-B0BD-4D70-95F2-9DFF6F7C7D50}"
EndProject
Project("{FAE04EC0-301F-11D3-BF4B-00C04F79EFBC}") = "LibHelperAC", "NONEDIPPS\LibHelperAC\LibHelperAC.csproj", "{F1BE51BB-42F3-480C-8296-53982EB36221}"
EndProject
Project("{FAE04EC0-301F-11D3-BF4B-00C04F79EFBC}") = "PickListAC", "NONEDIPPS\PickAC\PickListAC.csproj", "{3842501D-B30D-4513-AB96-8FA807604865}"
EndProject
Project("{FAE04EC0-301F-11D3-BF4B-00C04F79EFBC}") = "ReverseAC", "NONEDIPPS\ReserveAC\ReverseAC.csproj", "{ADCB2C40-3BA3-4158-859C-BB9934E0DEC1}"
EndProject
Project("{FAE04EC0-301F-11D3-BF4B-00C04F79EFBC}") = "ShipmentAC", "NONEDIPPS\ShipmentAC\ShipmentAC.csproj", "{1D3A8269-7E69-4126-A3D0-2829FDB2DC4F}"
EndProject
Project("{FAE04EC0-301F-11D3-BF4B-00C04F79EFBC}") = "StockInAC", "NONEDIPPS\StockInAC\StockInAC.csproj", "{EE87BD51-A117-4064-BC16-D9360A717EA0}"
EndProject
Project("{FAE04EC0-301F-11D3-BF4B-00C04F79EFBC}") = "WeightAC", "NONEDIPPS\WeightAC\WeightAC.csproj", "{04DBC25C-909D-43EB-A40B-34B8E515F411}"
EndProject
Project("{FAE04EC0-301F-11D3-BF4B-00C04F79EFBC}") = "wmsReportAC", "NONEDIPPS\wmsReportAC\wmsReportAC.csproj", "{EE6CF8CE-1C04-4ACF-84FE-68B366B44821}"
EndProject
Project("{FAE04EC0-301F-11D3-BF4B-00C04F79EFBC}") = "EDIWareHouseOUT", "WMS\EDIWareHouseOUT\EDIWareHouseOUT.csproj", "{A9A356BB-4001-47AB-9A54-01A61839931D}"
EndProject
Project("{FAE04EC0-301F-11D3-BF4B-00C04F79EFBC}") = "NPIPickListAC", "NONEDIPPS\NPIPickListAC\NPIPickListAC.csproj", "{119CC6AB-71CF-49EB-A4ED-4766E481813F}"
EndProject
Project("{FAE04EC0-301F-11D3-BF4B-00C04F79EFBC}") = "EDIWarehouseIN", "WMS\EDIWarehouseIN\EDIWarehouseIN.csproj", "{3C5B9C08-9852-432A-87BB-CCAB63AC03D6}"
EndProject
Project("{FAE04EC0-301F-11D3-BF4B-00C04F79EFBC}") = "WcfICTGeTech", "..\WCF\PPSToGeTechWcf\WcfICTGeTech.csproj", "{200E045E-2018-4073-8316-E635F134BC2E}"
EndProject
Project("{FAE04EC0-301F-11D3-BF4B-00C04F79EFBC}") = "UnitTest", "..\WCF\ICTGeTechTest\UnitTest.csproj", "{42D4551F-FDB0-46EC-8B42-10BA0BA9D5A0}"
EndProject
Project("{FAE04EC0-301F-11D3-BF4B-00C04F79EFBC}") = "MESDataLayer", "..\SajetMES_1.0.0.59\MESDataLayer\MESDataLayer.csproj", "{FB099A74-D3F9-4442-93DC-979BF336AC02}"
EndProject
Project("{FAE04EC0-301F-11D3-BF4B-00C04F79EFBC}") = "SysInfo", "..\SysInfo\SysInfo.csproj", "{754B8FF2-D46F-4F95-966B-E8601F73823A}"
EndProject
Project("{FAE04EC0-301F-11D3-BF4B-00C04F79EFBC}") = "RemoteService", "..\RemoteService\RemoteService.csproj", "{134AC830-DD95-4823-8CDD-0D103D25FD92}"
EndProject
Project("{FAE04EC0-301F-11D3-BF4B-00C04F79EFBC}") = "ClientStatus", "..\ClientStatus\ClientStatus.csproj", "{EA5DB944-2726-4283-A0A0-38D35B8BE8B3}"
EndProject
Project("{FAE04EC0-301F-11D3-BF4B-00C04F79EFBC}") = "EDIWarehouseTools", "WMS\EDIWarehouseTools\EDIWarehouseTools.csproj", "{DE753A5B-9970-4D85-B563-B259F676C15D}"
EndProject
Project("{FAE04EC0-301F-11D3-BF4B-00C04F79EFBC}") = "PPSSelfJobWcf", "PPSSelfJobWcf\PPSSelfJobWcf.csproj", "{65ABA488-7586-40DB-A307-5926C91190D3}"
EndProject
Project("{FAE04EC0-301F-11D3-BF4B-00C04F79EFBC}") = "PPSJob", "..\WCF\PPSJob\PPSJob.csproj", "{88C1B4CB-0DFB-496E-9FCF-4E3A5FF69245}"
EndProject
Project("{FAE04EC0-301F-11D3-BF4B-00C04F79EFBC}") = "Upload856AC", "NONEDIPPS\Upload856AC\Upload856AC.csproj", "{CADAFD9F-312B-4BB4-A965-36724DACA32D}"
EndProject
Project("{FAE04EC0-301F-11D3-BF4B-00C04F79EFBC}") = "PackListAC", "NONEDIPPS\PackAC\PackListAC.csproj", "{1ACFAC23-74DC-4BF5-9FA2-096581D1758D}"
EndProject
Project("{FAE04EC0-301F-11D3-BF4B-00C04F79EFBC}") = "EDIWareHouseTrans", "WMS\EDIWarehouseTrans\EDIWareHouseTrans.csproj", "{BD706530-FA17-4D5D-9783-62CE86044627}"
EndProject
Project("{FAE04EC0-301F-11D3-BF4B-00C04F79EFBC}") = "CarrierWCF", "CarrierWCF\CarrierWCF.csproj", "{B6636C06-6DCC-43D6-B950-1C1E458AA1E0}"
EndProject
Global
	GlobalSection(SolutionConfigurationPlatforms) = preSolution
		Debug|Any CPU = Debug|Any CPU
		Debug|x64 = Debug|x64
		Debug|x86 = Debug|x86
		Release|Any CPU = Release|Any CPU
		Release|x64 = Release|x64
		Release|x86 = Release|x86
	EndGlobalSection
	GlobalSection(ProjectConfigurationPlatforms) = postSolution
		{1CF411AB-1B9C-465D-8151-9A49116DF08D}.Debug|Any CPU.ActiveCfg = Debug|Any CPU
		{1CF411AB-1B9C-465D-8151-9A49116DF08D}.Debug|Any CPU.Build.0 = Debug|Any CPU
		{1CF411AB-1B9C-465D-8151-9A49116DF08D}.Debug|x64.ActiveCfg = Debug|Any CPU
		{1CF411AB-1B9C-465D-8151-9A49116DF08D}.Debug|x64.Build.0 = Debug|Any CPU
		{1CF411AB-1B9C-465D-8151-9A49116DF08D}.Debug|x86.ActiveCfg = Debug|Any CPU
		{1CF411AB-1B9C-465D-8151-9A49116DF08D}.Debug|x86.Build.0 = Debug|Any CPU
		{1CF411AB-1B9C-465D-8151-9A49116DF08D}.Release|Any CPU.ActiveCfg = Release|Any CPU
		{1CF411AB-1B9C-465D-8151-9A49116DF08D}.Release|Any CPU.Build.0 = Release|Any CPU
		{1CF411AB-1B9C-465D-8151-9A49116DF08D}.Release|x64.ActiveCfg = Release|Any CPU
		{1CF411AB-1B9C-465D-8151-9A49116DF08D}.Release|x64.Build.0 = Release|Any CPU
		{1CF411AB-1B9C-465D-8151-9A49116DF08D}.Release|x86.ActiveCfg = Release|Any CPU
		{1CF411AB-1B9C-465D-8151-9A49116DF08D}.Release|x86.Build.0 = Release|Any CPU
		{0D8E3DC0-AF54-4332-AB44-15EF770B4ABD}.Debug|Any CPU.ActiveCfg = Debug|Any CPU
		{0D8E3DC0-AF54-4332-AB44-15EF770B4ABD}.Debug|Any CPU.Build.0 = Debug|Any CPU
		{0D8E3DC0-AF54-4332-AB44-15EF770B4ABD}.Debug|x64.ActiveCfg = Debug|x64
		{0D8E3DC0-AF54-4332-AB44-15EF770B4ABD}.Debug|x64.Build.0 = Debug|x64
		{0D8E3DC0-AF54-4332-AB44-15EF770B4ABD}.Debug|x86.ActiveCfg = Debug|x86
		{0D8E3DC0-AF54-4332-AB44-15EF770B4ABD}.Debug|x86.Build.0 = Debug|x86
		{0D8E3DC0-AF54-4332-AB44-15EF770B4ABD}.Release|Any CPU.ActiveCfg = Release|Any CPU
		{0D8E3DC0-AF54-4332-AB44-15EF770B4ABD}.Release|Any CPU.Build.0 = Release|Any CPU
		{0D8E3DC0-AF54-4332-AB44-15EF770B4ABD}.Release|x64.ActiveCfg = Release|x64
		{0D8E3DC0-AF54-4332-AB44-15EF770B4ABD}.Release|x64.Build.0 = Release|x64
		{0D8E3DC0-AF54-4332-AB44-15EF770B4ABD}.Release|x86.ActiveCfg = Release|x86
		{0D8E3DC0-AF54-4332-AB44-15EF770B4ABD}.Release|x86.Build.0 = Release|x86
		{504FC282-31B5-4A4F-B76F-8FBEF4D9E656}.Debug|Any CPU.ActiveCfg = Debug|Any CPU
		{504FC282-31B5-4A4F-B76F-8FBEF4D9E656}.Debug|Any CPU.Build.0 = Debug|Any CPU
		{504FC282-31B5-4A4F-B76F-8FBEF4D9E656}.Debug|x64.ActiveCfg = Debug|Any CPU
		{504FC282-31B5-4A4F-B76F-8FBEF4D9E656}.Debug|x64.Build.0 = Debug|Any CPU
		{504FC282-31B5-4A4F-B76F-8FBEF4D9E656}.Debug|x86.ActiveCfg = Debug|Any CPU
		{504FC282-31B5-4A4F-B76F-8FBEF4D9E656}.Debug|x86.Build.0 = Debug|Any CPU
		{504FC282-31B5-4A4F-B76F-8FBEF4D9E656}.Release|Any CPU.ActiveCfg = Release|Any CPU
		{504FC282-31B5-4A4F-B76F-8FBEF4D9E656}.Release|Any CPU.Build.0 = Release|Any CPU
		{504FC282-31B5-4A4F-B76F-8FBEF4D9E656}.Release|x64.ActiveCfg = Release|Any CPU
		{504FC282-31B5-4A4F-B76F-8FBEF4D9E656}.Release|x64.Build.0 = Release|Any CPU
		{504FC282-31B5-4A4F-B76F-8FBEF4D9E656}.Release|x86.ActiveCfg = Release|Any CPU
		{504FC282-31B5-4A4F-B76F-8FBEF4D9E656}.Release|x86.Build.0 = Release|Any CPU
		{9DE7D1F8-4DB5-455A-B004-7BB855F0B1B4}.Debug|Any CPU.ActiveCfg = Debug|Any CPU
		{9DE7D1F8-4DB5-455A-B004-7BB855F0B1B4}.Debug|Any CPU.Build.0 = Debug|Any CPU
		{9DE7D1F8-4DB5-455A-B004-7BB855F0B1B4}.Debug|x64.ActiveCfg = Debug|Any CPU
		{9DE7D1F8-4DB5-455A-B004-7BB855F0B1B4}.Debug|x64.Build.0 = Debug|Any CPU
		{9DE7D1F8-4DB5-455A-B004-7BB855F0B1B4}.Debug|x86.ActiveCfg = Debug|Any CPU
		{9DE7D1F8-4DB5-455A-B004-7BB855F0B1B4}.Debug|x86.Build.0 = Debug|Any CPU
		{9DE7D1F8-4DB5-455A-B004-7BB855F0B1B4}.Release|Any CPU.ActiveCfg = Release|Any CPU
		{9DE7D1F8-4DB5-455A-B004-7BB855F0B1B4}.Release|Any CPU.Build.0 = Release|Any CPU
		{9DE7D1F8-4DB5-455A-B004-7BB855F0B1B4}.Release|x64.ActiveCfg = Release|Any CPU
		{9DE7D1F8-4DB5-455A-B004-7BB855F0B1B4}.Release|x64.Build.0 = Release|Any CPU
		{9DE7D1F8-4DB5-455A-B004-7BB855F0B1B4}.Release|x86.ActiveCfg = Release|Any CPU
		{9DE7D1F8-4DB5-455A-B004-7BB855F0B1B4}.Release|x86.Build.0 = Release|Any CPU
		{1198F0C0-88AD-4549-B54F-9C5502B6A94F}.Debug|Any CPU.ActiveCfg = Debug|Any CPU
		{1198F0C0-88AD-4549-B54F-9C5502B6A94F}.Debug|Any CPU.Build.0 = Debug|Any CPU
		{1198F0C0-88AD-4549-B54F-9C5502B6A94F}.Debug|x64.ActiveCfg = Debug|Any CPU
		{1198F0C0-88AD-4549-B54F-9C5502B6A94F}.Debug|x64.Build.0 = Debug|Any CPU
		{1198F0C0-88AD-4549-B54F-9C5502B6A94F}.Debug|x86.ActiveCfg = Debug|Any CPU
		{1198F0C0-88AD-4549-B54F-9C5502B6A94F}.Debug|x86.Build.0 = Debug|Any CPU
		{1198F0C0-88AD-4549-B54F-9C5502B6A94F}.Release|Any CPU.ActiveCfg = Release|Any CPU
		{1198F0C0-88AD-4549-B54F-9C5502B6A94F}.Release|Any CPU.Build.0 = Release|Any CPU
		{1198F0C0-88AD-4549-B54F-9C5502B6A94F}.Release|x64.ActiveCfg = Release|Any CPU
		{1198F0C0-88AD-4549-B54F-9C5502B6A94F}.Release|x64.Build.0 = Release|Any CPU
		{1198F0C0-88AD-4549-B54F-9C5502B6A94F}.Release|x86.ActiveCfg = Release|Any CPU
		{1198F0C0-88AD-4549-B54F-9C5502B6A94F}.Release|x86.Build.0 = Release|Any CPU
		{B90CFEA3-781A-4F82-9053-5162007889EB}.Debug|Any CPU.ActiveCfg = Debug|Any CPU
		{B90CFEA3-781A-4F82-9053-5162007889EB}.Debug|Any CPU.Build.0 = Debug|Any CPU
		{B90CFEA3-781A-4F82-9053-5162007889EB}.Debug|x64.ActiveCfg = Debug|Any CPU
		{B90CFEA3-781A-4F82-9053-5162007889EB}.Debug|x64.Build.0 = Debug|Any CPU
		{B90CFEA3-781A-4F82-9053-5162007889EB}.Debug|x86.ActiveCfg = Debug|Any CPU
		{B90CFEA3-781A-4F82-9053-5162007889EB}.Debug|x86.Build.0 = Debug|Any CPU
		{B90CFEA3-781A-4F82-9053-5162007889EB}.Release|Any CPU.ActiveCfg = Release|Any CPU
		{B90CFEA3-781A-4F82-9053-5162007889EB}.Release|Any CPU.Build.0 = Release|Any CPU
		{B90CFEA3-781A-4F82-9053-5162007889EB}.Release|x64.ActiveCfg = Release|Any CPU
		{B90CFEA3-781A-4F82-9053-5162007889EB}.Release|x64.Build.0 = Release|Any CPU
		{B90CFEA3-781A-4F82-9053-5162007889EB}.Release|x86.ActiveCfg = Release|Any CPU
		{B90CFEA3-781A-4F82-9053-5162007889EB}.Release|x86.Build.0 = Release|Any CPU
		{2C6A0E1E-2E9B-4311-B8A1-6277EED085FB}.Debug|Any CPU.ActiveCfg = Debug|Any CPU
		{2C6A0E1E-2E9B-4311-B8A1-6277EED085FB}.Debug|Any CPU.Build.0 = Debug|Any CPU
		{2C6A0E1E-2E9B-4311-B8A1-6277EED085FB}.Debug|x64.ActiveCfg = Debug|Any CPU
		{2C6A0E1E-2E9B-4311-B8A1-6277EED085FB}.Debug|x64.Build.0 = Debug|Any CPU
		{2C6A0E1E-2E9B-4311-B8A1-6277EED085FB}.Debug|x86.ActiveCfg = Debug|Any CPU
		{2C6A0E1E-2E9B-4311-B8A1-6277EED085FB}.Debug|x86.Build.0 = Debug|Any CPU
		{2C6A0E1E-2E9B-4311-B8A1-6277EED085FB}.Release|Any CPU.ActiveCfg = Release|Any CPU
		{2C6A0E1E-2E9B-4311-B8A1-6277EED085FB}.Release|Any CPU.Build.0 = Release|Any CPU
		{2C6A0E1E-2E9B-4311-B8A1-6277EED085FB}.Release|x64.ActiveCfg = Release|Any CPU
		{2C6A0E1E-2E9B-4311-B8A1-6277EED085FB}.Release|x64.Build.0 = Release|Any CPU
		{2C6A0E1E-2E9B-4311-B8A1-6277EED085FB}.Release|x86.ActiveCfg = Release|Any CPU
		{2C6A0E1E-2E9B-4311-B8A1-6277EED085FB}.Release|x86.Build.0 = Release|Any CPU
		{AFF1CE85-4F10-429C-9927-041B934CDA84}.Debug|Any CPU.ActiveCfg = Debug|Any CPU
		{AFF1CE85-4F10-429C-9927-041B934CDA84}.Debug|Any CPU.Build.0 = Debug|Any CPU
		{AFF1CE85-4F10-429C-9927-041B934CDA84}.Debug|x64.ActiveCfg = Debug|Any CPU
		{AFF1CE85-4F10-429C-9927-041B934CDA84}.Debug|x64.Build.0 = Debug|Any CPU
		{AFF1CE85-4F10-429C-9927-041B934CDA84}.Debug|x86.ActiveCfg = Debug|Any CPU
		{AFF1CE85-4F10-429C-9927-041B934CDA84}.Debug|x86.Build.0 = Debug|Any CPU
		{AFF1CE85-4F10-429C-9927-041B934CDA84}.Release|Any CPU.ActiveCfg = Release|Any CPU
		{AFF1CE85-4F10-429C-9927-041B934CDA84}.Release|Any CPU.Build.0 = Release|Any CPU
		{AFF1CE85-4F10-429C-9927-041B934CDA84}.Release|x64.ActiveCfg = Release|Any CPU
		{AFF1CE85-4F10-429C-9927-041B934CDA84}.Release|x64.Build.0 = Release|Any CPU
		{AFF1CE85-4F10-429C-9927-041B934CDA84}.Release|x86.ActiveCfg = Release|Any CPU
		{AFF1CE85-4F10-429C-9927-041B934CDA84}.Release|x86.Build.0 = Release|Any CPU
		{D6CC911B-90AC-4548-9D8A-F8D79270D115}.Debug|Any CPU.ActiveCfg = Debug|Any CPU
		{D6CC911B-90AC-4548-9D8A-F8D79270D115}.Debug|Any CPU.Build.0 = Debug|Any CPU
		{D6CC911B-90AC-4548-9D8A-F8D79270D115}.Debug|x64.ActiveCfg = Debug|Any CPU
		{D6CC911B-90AC-4548-9D8A-F8D79270D115}.Debug|x64.Build.0 = Debug|Any CPU
		{D6CC911B-90AC-4548-9D8A-F8D79270D115}.Debug|x86.ActiveCfg = Debug|Any CPU
		{D6CC911B-90AC-4548-9D8A-F8D79270D115}.Debug|x86.Build.0 = Debug|Any CPU
		{D6CC911B-90AC-4548-9D8A-F8D79270D115}.Release|Any CPU.ActiveCfg = Release|Any CPU
		{D6CC911B-90AC-4548-9D8A-F8D79270D115}.Release|Any CPU.Build.0 = Release|Any CPU
		{D6CC911B-90AC-4548-9D8A-F8D79270D115}.Release|x64.ActiveCfg = Release|Any CPU
		{D6CC911B-90AC-4548-9D8A-F8D79270D115}.Release|x64.Build.0 = Release|Any CPU
		{D6CC911B-90AC-4548-9D8A-F8D79270D115}.Release|x86.ActiveCfg = Release|Any CPU
		{D6CC911B-90AC-4548-9D8A-F8D79270D115}.Release|x86.Build.0 = Release|Any CPU
		{B1C5BDD8-EDEC-4A7D-82C9-97718566C3C6}.Debug|Any CPU.ActiveCfg = Debug|Any CPU
		{B1C5BDD8-EDEC-4A7D-82C9-97718566C3C6}.Debug|Any CPU.Build.0 = Debug|Any CPU
		{B1C5BDD8-EDEC-4A7D-82C9-97718566C3C6}.Debug|x64.ActiveCfg = Debug|Any CPU
		{B1C5BDD8-EDEC-4A7D-82C9-97718566C3C6}.Debug|x64.Build.0 = Debug|Any CPU
		{B1C5BDD8-EDEC-4A7D-82C9-97718566C3C6}.Debug|x86.ActiveCfg = Debug|Any CPU
		{B1C5BDD8-EDEC-4A7D-82C9-97718566C3C6}.Debug|x86.Build.0 = Debug|Any CPU
		{B1C5BDD8-EDEC-4A7D-82C9-97718566C3C6}.Release|Any CPU.ActiveCfg = Release|Any CPU
		{B1C5BDD8-EDEC-4A7D-82C9-97718566C3C6}.Release|Any CPU.Build.0 = Release|Any CPU
		{B1C5BDD8-EDEC-4A7D-82C9-97718566C3C6}.Release|x64.ActiveCfg = Release|Any CPU
		{B1C5BDD8-EDEC-4A7D-82C9-97718566C3C6}.Release|x64.Build.0 = Release|Any CPU
		{B1C5BDD8-EDEC-4A7D-82C9-97718566C3C6}.Release|x86.ActiveCfg = Release|Any CPU
		{B1C5BDD8-EDEC-4A7D-82C9-97718566C3C6}.Release|x86.Build.0 = Release|Any CPU
		{196851C3-E873-473F-B8FD-90AD7658997D}.Debug|Any CPU.ActiveCfg = Debug|Any CPU
		{196851C3-E873-473F-B8FD-90AD7658997D}.Debug|Any CPU.Build.0 = Debug|Any CPU
		{196851C3-E873-473F-B8FD-90AD7658997D}.Debug|x64.ActiveCfg = Debug|Any CPU
		{196851C3-E873-473F-B8FD-90AD7658997D}.Debug|x64.Build.0 = Debug|Any CPU
		{196851C3-E873-473F-B8FD-90AD7658997D}.Debug|x86.ActiveCfg = Debug|Any CPU
		{196851C3-E873-473F-B8FD-90AD7658997D}.Debug|x86.Build.0 = Debug|Any CPU
		{196851C3-E873-473F-B8FD-90AD7658997D}.Release|Any CPU.ActiveCfg = Release|Any CPU
		{196851C3-E873-473F-B8FD-90AD7658997D}.Release|Any CPU.Build.0 = Release|Any CPU
		{196851C3-E873-473F-B8FD-90AD7658997D}.Release|x64.ActiveCfg = Release|Any CPU
		{196851C3-E873-473F-B8FD-90AD7658997D}.Release|x64.Build.0 = Release|Any CPU
		{196851C3-E873-473F-B8FD-90AD7658997D}.Release|x86.ActiveCfg = Release|Any CPU
		{196851C3-E873-473F-B8FD-90AD7658997D}.Release|x86.Build.0 = Release|Any CPU
		{45913BD3-AE5E-457B-92B9-8FBA0B84D421}.Debug|Any CPU.ActiveCfg = Debug|Any CPU
		{45913BD3-AE5E-457B-92B9-8FBA0B84D421}.Debug|Any CPU.Build.0 = Debug|Any CPU
		{45913BD3-AE5E-457B-92B9-8FBA0B84D421}.Debug|x64.ActiveCfg = Debug|Any CPU
		{45913BD3-AE5E-457B-92B9-8FBA0B84D421}.Debug|x64.Build.0 = Debug|Any CPU
		{45913BD3-AE5E-457B-92B9-8FBA0B84D421}.Debug|x86.ActiveCfg = Debug|Any CPU
		{45913BD3-AE5E-457B-92B9-8FBA0B84D421}.Debug|x86.Build.0 = Debug|Any CPU
		{45913BD3-AE5E-457B-92B9-8FBA0B84D421}.Release|Any CPU.ActiveCfg = Release|Any CPU
		{45913BD3-AE5E-457B-92B9-8FBA0B84D421}.Release|Any CPU.Build.0 = Release|Any CPU
		{45913BD3-AE5E-457B-92B9-8FBA0B84D421}.Release|x64.ActiveCfg = Release|Any CPU
		{45913BD3-AE5E-457B-92B9-8FBA0B84D421}.Release|x64.Build.0 = Release|Any CPU
		{45913BD3-AE5E-457B-92B9-8FBA0B84D421}.Release|x86.ActiveCfg = Release|Any CPU
		{45913BD3-AE5E-457B-92B9-8FBA0B84D421}.Release|x86.Build.0 = Release|Any CPU
		{6D71911F-82DC-4941-86FF-389A134E67DF}.Debug|Any CPU.ActiveCfg = Debug|Any CPU
		{6D71911F-82DC-4941-86FF-389A134E67DF}.Debug|Any CPU.Build.0 = Debug|Any CPU
		{6D71911F-82DC-4941-86FF-389A134E67DF}.Debug|x64.ActiveCfg = Debug|Any CPU
		{6D71911F-82DC-4941-86FF-389A134E67DF}.Debug|x64.Build.0 = Debug|Any CPU
		{6D71911F-82DC-4941-86FF-389A134E67DF}.Debug|x86.ActiveCfg = Debug|Any CPU
		{6D71911F-82DC-4941-86FF-389A134E67DF}.Debug|x86.Build.0 = Debug|Any CPU
		{6D71911F-82DC-4941-86FF-389A134E67DF}.Release|Any CPU.ActiveCfg = Release|Any CPU
		{6D71911F-82DC-4941-86FF-389A134E67DF}.Release|Any CPU.Build.0 = Release|Any CPU
		{6D71911F-82DC-4941-86FF-389A134E67DF}.Release|x64.ActiveCfg = Release|Any CPU
		{6D71911F-82DC-4941-86FF-389A134E67DF}.Release|x64.Build.0 = Release|Any CPU
		{6D71911F-82DC-4941-86FF-389A134E67DF}.Release|x86.ActiveCfg = Release|Any CPU
		{6D71911F-82DC-4941-86FF-389A134E67DF}.Release|x86.Build.0 = Release|Any CPU
		{7CDD3788-2DE1-40F8-AEC1-FD95B7EDA156}.Debug|Any CPU.ActiveCfg = Debug|Any CPU
		{7CDD3788-2DE1-40F8-AEC1-FD95B7EDA156}.Debug|Any CPU.Build.0 = Debug|Any CPU
		{7CDD3788-2DE1-40F8-AEC1-FD95B7EDA156}.Debug|x64.ActiveCfg = Debug|Any CPU
		{7CDD3788-2DE1-40F8-AEC1-FD95B7EDA156}.Debug|x64.Build.0 = Debug|Any CPU
		{7CDD3788-2DE1-40F8-AEC1-FD95B7EDA156}.Debug|x86.ActiveCfg = Debug|Any CPU
		{7CDD3788-2DE1-40F8-AEC1-FD95B7EDA156}.Debug|x86.Build.0 = Debug|Any CPU
		{7CDD3788-2DE1-40F8-AEC1-FD95B7EDA156}.Release|Any CPU.ActiveCfg = Release|Any CPU
		{7CDD3788-2DE1-40F8-AEC1-FD95B7EDA156}.Release|Any CPU.Build.0 = Release|Any CPU
		{7CDD3788-2DE1-40F8-AEC1-FD95B7EDA156}.Release|x64.ActiveCfg = Release|Any CPU
		{7CDD3788-2DE1-40F8-AEC1-FD95B7EDA156}.Release|x64.Build.0 = Release|Any CPU
		{7CDD3788-2DE1-40F8-AEC1-FD95B7EDA156}.Release|x86.ActiveCfg = Release|Any CPU
		{7CDD3788-2DE1-40F8-AEC1-FD95B7EDA156}.Release|x86.Build.0 = Release|Any CPU
		{DDFAA42D-E0D2-4337-A52C-E192ECFE2240}.Debug|Any CPU.ActiveCfg = Debug|Any CPU
		{DDFAA42D-E0D2-4337-A52C-E192ECFE2240}.Debug|Any CPU.Build.0 = Debug|Any CPU
		{DDFAA42D-E0D2-4337-A52C-E192ECFE2240}.Debug|x64.ActiveCfg = Debug|Any CPU
		{DDFAA42D-E0D2-4337-A52C-E192ECFE2240}.Debug|x64.Build.0 = Debug|Any CPU
		{DDFAA42D-E0D2-4337-A52C-E192ECFE2240}.Debug|x86.ActiveCfg = Debug|Any CPU
		{DDFAA42D-E0D2-4337-A52C-E192ECFE2240}.Debug|x86.Build.0 = Debug|Any CPU
		{DDFAA42D-E0D2-4337-A52C-E192ECFE2240}.Release|Any CPU.ActiveCfg = Release|Any CPU
		{DDFAA42D-E0D2-4337-A52C-E192ECFE2240}.Release|Any CPU.Build.0 = Release|Any CPU
		{DDFAA42D-E0D2-4337-A52C-E192ECFE2240}.Release|x64.ActiveCfg = Release|Any CPU
		{DDFAA42D-E0D2-4337-A52C-E192ECFE2240}.Release|x64.Build.0 = Release|Any CPU
		{DDFAA42D-E0D2-4337-A52C-E192ECFE2240}.Release|x86.ActiveCfg = Release|Any CPU
		{DDFAA42D-E0D2-4337-A52C-E192ECFE2240}.Release|x86.Build.0 = Release|Any CPU
		{BBA09764-24CA-4ACB-8119-24C13ED7A146}.Debug|Any CPU.ActiveCfg = Debug|Any CPU
		{BBA09764-24CA-4ACB-8119-24C13ED7A146}.Debug|Any CPU.Build.0 = Debug|Any CPU
		{BBA09764-24CA-4ACB-8119-24C13ED7A146}.Debug|x64.ActiveCfg = Debug|Any CPU
		{BBA09764-24CA-4ACB-8119-24C13ED7A146}.Debug|x64.Build.0 = Debug|Any CPU
		{BBA09764-24CA-4ACB-8119-24C13ED7A146}.Debug|x86.ActiveCfg = Debug|Any CPU
		{BBA09764-24CA-4ACB-8119-24C13ED7A146}.Debug|x86.Build.0 = Debug|Any CPU
		{BBA09764-24CA-4ACB-8119-24C13ED7A146}.Release|Any CPU.ActiveCfg = Release|Any CPU
		{BBA09764-24CA-4ACB-8119-24C13ED7A146}.Release|Any CPU.Build.0 = Release|Any CPU
		{BBA09764-24CA-4ACB-8119-24C13ED7A146}.Release|x64.ActiveCfg = Release|Any CPU
		{BBA09764-24CA-4ACB-8119-24C13ED7A146}.Release|x64.Build.0 = Release|Any CPU
		{BBA09764-24CA-4ACB-8119-24C13ED7A146}.Release|x86.ActiveCfg = Release|Any CPU
		{BBA09764-24CA-4ACB-8119-24C13ED7A146}.Release|x86.Build.0 = Release|Any CPU
		{139E4CA7-0BFE-4219-BEAF-27D272CE03E6}.Debug|Any CPU.ActiveCfg = Debug|Any CPU
		{139E4CA7-0BFE-4219-BEAF-27D272CE03E6}.Debug|Any CPU.Build.0 = Debug|Any CPU
		{139E4CA7-0BFE-4219-BEAF-27D272CE03E6}.Debug|x64.ActiveCfg = Debug|Any CPU
		{139E4CA7-0BFE-4219-BEAF-27D272CE03E6}.Debug|x64.Build.0 = Debug|Any CPU
		{139E4CA7-0BFE-4219-BEAF-27D272CE03E6}.Debug|x86.ActiveCfg = Debug|Any CPU
		{139E4CA7-0BFE-4219-BEAF-27D272CE03E6}.Debug|x86.Build.0 = Debug|Any CPU
		{139E4CA7-0BFE-4219-BEAF-27D272CE03E6}.Release|Any CPU.ActiveCfg = Release|Any CPU
		{139E4CA7-0BFE-4219-BEAF-27D272CE03E6}.Release|Any CPU.Build.0 = Release|Any CPU
		{139E4CA7-0BFE-4219-BEAF-27D272CE03E6}.Release|x64.ActiveCfg = Release|Any CPU
		{139E4CA7-0BFE-4219-BEAF-27D272CE03E6}.Release|x64.Build.0 = Release|Any CPU
		{139E4CA7-0BFE-4219-BEAF-27D272CE03E6}.Release|x86.ActiveCfg = Release|Any CPU
		{139E4CA7-0BFE-4219-BEAF-27D272CE03E6}.Release|x86.Build.0 = Release|Any CPU
		{23A911C2-37B5-430A-9D4E-68331EAA7349}.Debug|Any CPU.ActiveCfg = Debug|Any CPU
		{23A911C2-37B5-430A-9D4E-68331EAA7349}.Debug|Any CPU.Build.0 = Debug|Any CPU
		{23A911C2-37B5-430A-9D4E-68331EAA7349}.Debug|x64.ActiveCfg = Debug|Any CPU
		{23A911C2-37B5-430A-9D4E-68331EAA7349}.Debug|x64.Build.0 = Debug|Any CPU
		{23A911C2-37B5-430A-9D4E-68331EAA7349}.Debug|x86.ActiveCfg = Debug|Any CPU
		{23A911C2-37B5-430A-9D4E-68331EAA7349}.Debug|x86.Build.0 = Debug|Any CPU
		{23A911C2-37B5-430A-9D4E-68331EAA7349}.Release|Any CPU.ActiveCfg = Release|Any CPU
		{23A911C2-37B5-430A-9D4E-68331EAA7349}.Release|Any CPU.Build.0 = Release|Any CPU
		{23A911C2-37B5-430A-9D4E-68331EAA7349}.Release|x64.ActiveCfg = Release|Any CPU
		{23A911C2-37B5-430A-9D4E-68331EAA7349}.Release|x64.Build.0 = Release|Any CPU
		{23A911C2-37B5-430A-9D4E-68331EAA7349}.Release|x86.ActiveCfg = Release|Any CPU
		{23A911C2-37B5-430A-9D4E-68331EAA7349}.Release|x86.Build.0 = Release|Any CPU
		{9916387B-2F00-4C51-AF0D-10B2BCE4419C}.Debug|Any CPU.ActiveCfg = Debug|Any CPU
		{9916387B-2F00-4C51-AF0D-10B2BCE4419C}.Debug|Any CPU.Build.0 = Debug|Any CPU
		{9916387B-2F00-4C51-AF0D-10B2BCE4419C}.Debug|x64.ActiveCfg = Debug|Any CPU
		{9916387B-2F00-4C51-AF0D-10B2BCE4419C}.Debug|x64.Build.0 = Debug|Any CPU
		{9916387B-2F00-4C51-AF0D-10B2BCE4419C}.Debug|x86.ActiveCfg = Debug|Any CPU
		{9916387B-2F00-4C51-AF0D-10B2BCE4419C}.Debug|x86.Build.0 = Debug|Any CPU
		{9916387B-2F00-4C51-AF0D-10B2BCE4419C}.Release|Any CPU.ActiveCfg = Release|Any CPU
		{9916387B-2F00-4C51-AF0D-10B2BCE4419C}.Release|Any CPU.Build.0 = Release|Any CPU
		{9916387B-2F00-4C51-AF0D-10B2BCE4419C}.Release|x64.ActiveCfg = Release|Any CPU
		{9916387B-2F00-4C51-AF0D-10B2BCE4419C}.Release|x64.Build.0 = Release|Any CPU
		{9916387B-2F00-4C51-AF0D-10B2BCE4419C}.Release|x86.ActiveCfg = Release|Any CPU
		{9916387B-2F00-4C51-AF0D-10B2BCE4419C}.Release|x86.Build.0 = Release|Any CPU
		{F464939A-60A3-42C4-AD23-97842ED1F544}.Debug|Any CPU.ActiveCfg = Debug|Any CPU
		{F464939A-60A3-42C4-AD23-97842ED1F544}.Debug|Any CPU.Build.0 = Debug|Any CPU
		{F464939A-60A3-42C4-AD23-97842ED1F544}.Debug|x64.ActiveCfg = Debug|Any CPU
		{F464939A-60A3-42C4-AD23-97842ED1F544}.Debug|x64.Build.0 = Debug|Any CPU
		{F464939A-60A3-42C4-AD23-97842ED1F544}.Debug|x86.ActiveCfg = Debug|Any CPU
		{F464939A-60A3-42C4-AD23-97842ED1F544}.Debug|x86.Build.0 = Debug|Any CPU
		{F464939A-60A3-42C4-AD23-97842ED1F544}.Release|Any CPU.ActiveCfg = Release|Any CPU
		{F464939A-60A3-42C4-AD23-97842ED1F544}.Release|Any CPU.Build.0 = Release|Any CPU
		{F464939A-60A3-42C4-AD23-97842ED1F544}.Release|x64.ActiveCfg = Release|Any CPU
		{F464939A-60A3-42C4-AD23-97842ED1F544}.Release|x64.Build.0 = Release|Any CPU
		{F464939A-60A3-42C4-AD23-97842ED1F544}.Release|x86.ActiveCfg = Release|Any CPU
		{F464939A-60A3-42C4-AD23-97842ED1F544}.Release|x86.Build.0 = Release|Any CPU
		{A6A35B62-A13D-47BE-8229-DE7F214CDA4A}.Debug|Any CPU.ActiveCfg = Debug|Any CPU
		{A6A35B62-A13D-47BE-8229-DE7F214CDA4A}.Debug|Any CPU.Build.0 = Debug|Any CPU
		{A6A35B62-A13D-47BE-8229-DE7F214CDA4A}.Debug|x64.ActiveCfg = Debug|Any CPU
		{A6A35B62-A13D-47BE-8229-DE7F214CDA4A}.Debug|x64.Build.0 = Debug|Any CPU
		{A6A35B62-A13D-47BE-8229-DE7F214CDA4A}.Debug|x86.ActiveCfg = Debug|Any CPU
		{A6A35B62-A13D-47BE-8229-DE7F214CDA4A}.Debug|x86.Build.0 = Debug|Any CPU
		{A6A35B62-A13D-47BE-8229-DE7F214CDA4A}.Release|Any CPU.ActiveCfg = Release|Any CPU
		{A6A35B62-A13D-47BE-8229-DE7F214CDA4A}.Release|Any CPU.Build.0 = Release|Any CPU
		{A6A35B62-A13D-47BE-8229-DE7F214CDA4A}.Release|x64.ActiveCfg = Release|Any CPU
		{A6A35B62-A13D-47BE-8229-DE7F214CDA4A}.Release|x64.Build.0 = Release|Any CPU
		{A6A35B62-A13D-47BE-8229-DE7F214CDA4A}.Release|x86.ActiveCfg = Release|Any CPU
		{A6A35B62-A13D-47BE-8229-DE7F214CDA4A}.Release|x86.Build.0 = Release|Any CPU
		{478EA557-4A55-466C-9951-E6CF49C62837}.Debug|Any CPU.ActiveCfg = Debug|Any CPU
		{478EA557-4A55-466C-9951-E6CF49C62837}.Debug|Any CPU.Build.0 = Debug|Any CPU
		{478EA557-4A55-466C-9951-E6CF49C62837}.Debug|x64.ActiveCfg = Debug|Any CPU
		{478EA557-4A55-466C-9951-E6CF49C62837}.Debug|x64.Build.0 = Debug|Any CPU
		{478EA557-4A55-466C-9951-E6CF49C62837}.Debug|x86.ActiveCfg = Debug|Any CPU
		{478EA557-4A55-466C-9951-E6CF49C62837}.Debug|x86.Build.0 = Debug|Any CPU
		{478EA557-4A55-466C-9951-E6CF49C62837}.Release|Any CPU.ActiveCfg = Release|Any CPU
		{478EA557-4A55-466C-9951-E6CF49C62837}.Release|Any CPU.Build.0 = Release|Any CPU
		{478EA557-4A55-466C-9951-E6CF49C62837}.Release|x64.ActiveCfg = Release|Any CPU
		{478EA557-4A55-466C-9951-E6CF49C62837}.Release|x64.Build.0 = Release|Any CPU
		{478EA557-4A55-466C-9951-E6CF49C62837}.Release|x86.ActiveCfg = Release|Any CPU
		{478EA557-4A55-466C-9951-E6CF49C62837}.Release|x86.Build.0 = Release|Any CPU
		{0AAF8AF0-2B01-49A6-9023-56C6243216BF}.Debug|Any CPU.ActiveCfg = Debug|Any CPU
		{0AAF8AF0-2B01-49A6-9023-56C6243216BF}.Debug|Any CPU.Build.0 = Debug|Any CPU
		{0AAF8AF0-2B01-49A6-9023-56C6243216BF}.Debug|x64.ActiveCfg = Debug|Any CPU
		{0AAF8AF0-2B01-49A6-9023-56C6243216BF}.Debug|x64.Build.0 = Debug|Any CPU
		{0AAF8AF0-2B01-49A6-9023-56C6243216BF}.Debug|x86.ActiveCfg = Debug|Any CPU
		{0AAF8AF0-2B01-49A6-9023-56C6243216BF}.Debug|x86.Build.0 = Debug|Any CPU
		{0AAF8AF0-2B01-49A6-9023-56C6243216BF}.Release|Any CPU.ActiveCfg = Release|Any CPU
		{0AAF8AF0-2B01-49A6-9023-56C6243216BF}.Release|Any CPU.Build.0 = Release|Any CPU
		{0AAF8AF0-2B01-49A6-9023-56C6243216BF}.Release|x64.ActiveCfg = Release|Any CPU
		{0AAF8AF0-2B01-49A6-9023-56C6243216BF}.Release|x64.Build.0 = Release|Any CPU
		{0AAF8AF0-2B01-49A6-9023-56C6243216BF}.Release|x86.ActiveCfg = Release|Any CPU
		{0AAF8AF0-2B01-49A6-9023-56C6243216BF}.Release|x86.Build.0 = Release|Any CPU
		{A4246FBD-E2AB-412F-8C90-1D3CCFDBC335}.Debug|Any CPU.ActiveCfg = Debug|Any CPU
		{A4246FBD-E2AB-412F-8C90-1D3CCFDBC335}.Debug|Any CPU.Build.0 = Debug|Any CPU
		{A4246FBD-E2AB-412F-8C90-1D3CCFDBC335}.Debug|x64.ActiveCfg = Debug|Any CPU
		{A4246FBD-E2AB-412F-8C90-1D3CCFDBC335}.Debug|x64.Build.0 = Debug|Any CPU
		{A4246FBD-E2AB-412F-8C90-1D3CCFDBC335}.Debug|x86.ActiveCfg = Debug|Any CPU
		{A4246FBD-E2AB-412F-8C90-1D3CCFDBC335}.Debug|x86.Build.0 = Debug|Any CPU
		{A4246FBD-E2AB-412F-8C90-1D3CCFDBC335}.Release|Any CPU.ActiveCfg = Release|Any CPU
		{A4246FBD-E2AB-412F-8C90-1D3CCFDBC335}.Release|Any CPU.Build.0 = Release|Any CPU
		{A4246FBD-E2AB-412F-8C90-1D3CCFDBC335}.Release|x64.ActiveCfg = Release|Any CPU
		{A4246FBD-E2AB-412F-8C90-1D3CCFDBC335}.Release|x64.Build.0 = Release|Any CPU
		{A4246FBD-E2AB-412F-8C90-1D3CCFDBC335}.Release|x86.ActiveCfg = Release|Any CPU
		{A4246FBD-E2AB-412F-8C90-1D3CCFDBC335}.Release|x86.Build.0 = Release|Any CPU
		{68F8E766-5556-4408-962E-FF1C46B92E20}.Debug|Any CPU.ActiveCfg = Debug|Any CPU
		{68F8E766-5556-4408-962E-FF1C46B92E20}.Debug|Any CPU.Build.0 = Debug|Any CPU
		{68F8E766-5556-4408-962E-FF1C46B92E20}.Debug|x64.ActiveCfg = Debug|Any CPU
		{68F8E766-5556-4408-962E-FF1C46B92E20}.Debug|x64.Build.0 = Debug|Any CPU
		{68F8E766-5556-4408-962E-FF1C46B92E20}.Debug|x86.ActiveCfg = Debug|Any CPU
		{68F8E766-5556-4408-962E-FF1C46B92E20}.Debug|x86.Build.0 = Debug|Any CPU
		{68F8E766-5556-4408-962E-FF1C46B92E20}.Release|Any CPU.ActiveCfg = Release|Any CPU
		{68F8E766-5556-4408-962E-FF1C46B92E20}.Release|Any CPU.Build.0 = Release|Any CPU
		{68F8E766-5556-4408-962E-FF1C46B92E20}.Release|x64.ActiveCfg = Release|Any CPU
		{68F8E766-5556-4408-962E-FF1C46B92E20}.Release|x64.Build.0 = Release|Any CPU
		{68F8E766-5556-4408-962E-FF1C46B92E20}.Release|x86.ActiveCfg = Release|Any CPU
		{68F8E766-5556-4408-962E-FF1C46B92E20}.Release|x86.Build.0 = Release|Any CPU
		{A88BEEBE-5D77-4321-8186-658A208E2FAA}.Debug|Any CPU.ActiveCfg = Debug|Any CPU
		{A88BEEBE-5D77-4321-8186-658A208E2FAA}.Debug|Any CPU.Build.0 = Debug|Any CPU
		{A88BEEBE-5D77-4321-8186-658A208E2FAA}.Debug|x64.ActiveCfg = Debug|Any CPU
		{A88BEEBE-5D77-4321-8186-658A208E2FAA}.Debug|x64.Build.0 = Debug|Any CPU
		{A88BEEBE-5D77-4321-8186-658A208E2FAA}.Debug|x86.ActiveCfg = Debug|Any CPU
		{A88BEEBE-5D77-4321-8186-658A208E2FAA}.Debug|x86.Build.0 = Debug|Any CPU
		{A88BEEBE-5D77-4321-8186-658A208E2FAA}.Release|Any CPU.ActiveCfg = Release|Any CPU
		{A88BEEBE-5D77-4321-8186-658A208E2FAA}.Release|Any CPU.Build.0 = Release|Any CPU
		{A88BEEBE-5D77-4321-8186-658A208E2FAA}.Release|x64.ActiveCfg = Release|Any CPU
		{A88BEEBE-5D77-4321-8186-658A208E2FAA}.Release|x64.Build.0 = Release|Any CPU
		{A88BEEBE-5D77-4321-8186-658A208E2FAA}.Release|x86.ActiveCfg = Release|Any CPU
		{A88BEEBE-5D77-4321-8186-658A208E2FAA}.Release|x86.Build.0 = Release|Any CPU
		{19BA5AAA-2373-4807-B207-C88C48517264}.Debug|Any CPU.ActiveCfg = Debug|Any CPU
		{19BA5AAA-2373-4807-B207-C88C48517264}.Debug|Any CPU.Build.0 = Debug|Any CPU
		{19BA5AAA-2373-4807-B207-C88C48517264}.Debug|x64.ActiveCfg = Debug|Any CPU
		{19BA5AAA-2373-4807-B207-C88C48517264}.Debug|x64.Build.0 = Debug|Any CPU
		{19BA5AAA-2373-4807-B207-C88C48517264}.Debug|x86.ActiveCfg = Debug|Any CPU
		{19BA5AAA-2373-4807-B207-C88C48517264}.Debug|x86.Build.0 = Debug|Any CPU
		{19BA5AAA-2373-4807-B207-C88C48517264}.Release|Any CPU.ActiveCfg = Release|Any CPU
		{19BA5AAA-2373-4807-B207-C88C48517264}.Release|Any CPU.Build.0 = Release|Any CPU
		{19BA5AAA-2373-4807-B207-C88C48517264}.Release|x64.ActiveCfg = Release|Any CPU
		{19BA5AAA-2373-4807-B207-C88C48517264}.Release|x64.Build.0 = Release|Any CPU
		{19BA5AAA-2373-4807-B207-C88C48517264}.Release|x86.ActiveCfg = Release|Any CPU
		{19BA5AAA-2373-4807-B207-C88C48517264}.Release|x86.Build.0 = Release|Any CPU
		{7607EA01-A25D-43B1-93F3-BEDF8A653A65}.Debug|Any CPU.ActiveCfg = Debug|Any CPU
		{7607EA01-A25D-43B1-93F3-BEDF8A653A65}.Debug|Any CPU.Build.0 = Debug|Any CPU
		{7607EA01-A25D-43B1-93F3-BEDF8A653A65}.Debug|x64.ActiveCfg = Debug|Any CPU
		{7607EA01-A25D-43B1-93F3-BEDF8A653A65}.Debug|x64.Build.0 = Debug|Any CPU
		{7607EA01-A25D-43B1-93F3-BEDF8A653A65}.Debug|x86.ActiveCfg = Debug|Any CPU
		{7607EA01-A25D-43B1-93F3-BEDF8A653A65}.Debug|x86.Build.0 = Debug|Any CPU
		{7607EA01-A25D-43B1-93F3-BEDF8A653A65}.Release|Any CPU.ActiveCfg = Release|Any CPU
		{7607EA01-A25D-43B1-93F3-BEDF8A653A65}.Release|Any CPU.Build.0 = Release|Any CPU
		{7607EA01-A25D-43B1-93F3-BEDF8A653A65}.Release|x64.ActiveCfg = Release|Any CPU
		{7607EA01-A25D-43B1-93F3-BEDF8A653A65}.Release|x64.Build.0 = Release|Any CPU
		{7607EA01-A25D-43B1-93F3-BEDF8A653A65}.Release|x86.ActiveCfg = Release|Any CPU
		{7607EA01-A25D-43B1-93F3-BEDF8A653A65}.Release|x86.Build.0 = Release|Any CPU
		{8406361A-1667-4EC3-8E70-72E121B4ED27}.Debug|Any CPU.ActiveCfg = Debug|Any CPU
		{8406361A-1667-4EC3-8E70-72E121B4ED27}.Debug|Any CPU.Build.0 = Debug|Any CPU
		{8406361A-1667-4EC3-8E70-72E121B4ED27}.Debug|x64.ActiveCfg = Debug|Any CPU
		{8406361A-1667-4EC3-8E70-72E121B4ED27}.Debug|x64.Build.0 = Debug|Any CPU
		{8406361A-1667-4EC3-8E70-72E121B4ED27}.Debug|x86.ActiveCfg = Debug|Any CPU
		{8406361A-1667-4EC3-8E70-72E121B4ED27}.Debug|x86.Build.0 = Debug|Any CPU
		{8406361A-1667-4EC3-8E70-72E121B4ED27}.Release|Any CPU.ActiveCfg = Release|Any CPU
		{8406361A-1667-4EC3-8E70-72E121B4ED27}.Release|Any CPU.Build.0 = Release|Any CPU
		{8406361A-1667-4EC3-8E70-72E121B4ED27}.Release|x64.ActiveCfg = Release|Any CPU
		{8406361A-1667-4EC3-8E70-72E121B4ED27}.Release|x64.Build.0 = Release|Any CPU
		{8406361A-1667-4EC3-8E70-72E121B4ED27}.Release|x86.ActiveCfg = Release|Any CPU
		{8406361A-1667-4EC3-8E70-72E121B4ED27}.Release|x86.Build.0 = Release|Any CPU
		{50022537-57AC-4048-B8EB-6490E959AC9B}.Debug|Any CPU.ActiveCfg = Debug|Any CPU
		{50022537-57AC-4048-B8EB-6490E959AC9B}.Debug|Any CPU.Build.0 = Debug|Any CPU
		{50022537-57AC-4048-B8EB-6490E959AC9B}.Debug|x64.ActiveCfg = Debug|Any CPU
		{50022537-57AC-4048-B8EB-6490E959AC9B}.Debug|x64.Build.0 = Debug|Any CPU
		{50022537-57AC-4048-B8EB-6490E959AC9B}.Debug|x86.ActiveCfg = Debug|Any CPU
		{50022537-57AC-4048-B8EB-6490E959AC9B}.Debug|x86.Build.0 = Debug|Any CPU
		{50022537-57AC-4048-B8EB-6490E959AC9B}.Release|Any CPU.ActiveCfg = Release|Any CPU
		{50022537-57AC-4048-B8EB-6490E959AC9B}.Release|Any CPU.Build.0 = Release|Any CPU
		{50022537-57AC-4048-B8EB-6490E959AC9B}.Release|x64.ActiveCfg = Release|Any CPU
		{50022537-57AC-4048-B8EB-6490E959AC9B}.Release|x64.Build.0 = Release|Any CPU
		{50022537-57AC-4048-B8EB-6490E959AC9B}.Release|x86.ActiveCfg = Release|Any CPU
		{50022537-57AC-4048-B8EB-6490E959AC9B}.Release|x86.Build.0 = Release|Any CPU
		{149955B6-2369-4DC2-9CDD-05EC38F2C8B4}.Debug|Any CPU.ActiveCfg = Debug|Any CPU
		{149955B6-2369-4DC2-9CDD-05EC38F2C8B4}.Debug|Any CPU.Build.0 = Debug|Any CPU
		{149955B6-2369-4DC2-9CDD-05EC38F2C8B4}.Debug|x64.ActiveCfg = Debug|Any CPU
		{149955B6-2369-4DC2-9CDD-05EC38F2C8B4}.Debug|x64.Build.0 = Debug|Any CPU
		{149955B6-2369-4DC2-9CDD-05EC38F2C8B4}.Debug|x86.ActiveCfg = Debug|Any CPU
		{149955B6-2369-4DC2-9CDD-05EC38F2C8B4}.Debug|x86.Build.0 = Debug|Any CPU
		{149955B6-2369-4DC2-9CDD-05EC38F2C8B4}.Release|Any CPU.ActiveCfg = Release|Any CPU
		{149955B6-2369-4DC2-9CDD-05EC38F2C8B4}.Release|Any CPU.Build.0 = Release|Any CPU
		{149955B6-2369-4DC2-9CDD-05EC38F2C8B4}.Release|x64.ActiveCfg = Release|Any CPU
		{149955B6-2369-4DC2-9CDD-05EC38F2C8B4}.Release|x64.Build.0 = Release|Any CPU
		{149955B6-2369-4DC2-9CDD-05EC38F2C8B4}.Release|x86.ActiveCfg = Release|Any CPU
		{149955B6-2369-4DC2-9CDD-05EC38F2C8B4}.Release|x86.Build.0 = Release|Any CPU
		{954D34E1-3BE1-4741-B1FA-1C4B442A8124}.Debug|Any CPU.ActiveCfg = Debug|Any CPU
		{954D34E1-3BE1-4741-B1FA-1C4B442A8124}.Debug|Any CPU.Build.0 = Debug|Any CPU
		{954D34E1-3BE1-4741-B1FA-1C4B442A8124}.Debug|x64.ActiveCfg = Debug|Any CPU
		{954D34E1-3BE1-4741-B1FA-1C4B442A8124}.Debug|x64.Build.0 = Debug|Any CPU
		{954D34E1-3BE1-4741-B1FA-1C4B442A8124}.Debug|x86.ActiveCfg = Debug|Any CPU
		{954D34E1-3BE1-4741-B1FA-1C4B442A8124}.Debug|x86.Build.0 = Debug|Any CPU
		{954D34E1-3BE1-4741-B1FA-1C4B442A8124}.Release|Any CPU.ActiveCfg = Release|Any CPU
		{954D34E1-3BE1-4741-B1FA-1C4B442A8124}.Release|Any CPU.Build.0 = Release|Any CPU
		{954D34E1-3BE1-4741-B1FA-1C4B442A8124}.Release|x64.ActiveCfg = Release|Any CPU
		{954D34E1-3BE1-4741-B1FA-1C4B442A8124}.Release|x64.Build.0 = Release|Any CPU
		{954D34E1-3BE1-4741-B1FA-1C4B442A8124}.Release|x86.ActiveCfg = Release|Any CPU
		{954D34E1-3BE1-4741-B1FA-1C4B442A8124}.Release|x86.Build.0 = Release|Any CPU
		{09B098A2-B0BD-4D70-95F2-9DFF6F7C7D50}.Debug|Any CPU.ActiveCfg = Debug|Any CPU
		{09B098A2-B0BD-4D70-95F2-9DFF6F7C7D50}.Debug|Any CPU.Build.0 = Debug|Any CPU
		{09B098A2-B0BD-4D70-95F2-9DFF6F7C7D50}.Debug|x64.ActiveCfg = Debug|Any CPU
		{09B098A2-B0BD-4D70-95F2-9DFF6F7C7D50}.Debug|x64.Build.0 = Debug|Any CPU
		{09B098A2-B0BD-4D70-95F2-9DFF6F7C7D50}.Debug|x86.ActiveCfg = Debug|Any CPU
		{09B098A2-B0BD-4D70-95F2-9DFF6F7C7D50}.Debug|x86.Build.0 = Debug|Any CPU
		{09B098A2-B0BD-4D70-95F2-9DFF6F7C7D50}.Release|Any CPU.ActiveCfg = Release|Any CPU
		{09B098A2-B0BD-4D70-95F2-9DFF6F7C7D50}.Release|Any CPU.Build.0 = Release|Any CPU
		{09B098A2-B0BD-4D70-95F2-9DFF6F7C7D50}.Release|x64.ActiveCfg = Release|Any CPU
		{09B098A2-B0BD-4D70-95F2-9DFF6F7C7D50}.Release|x64.Build.0 = Release|Any CPU
		{09B098A2-B0BD-4D70-95F2-9DFF6F7C7D50}.Release|x86.ActiveCfg = Release|Any CPU
		{09B098A2-B0BD-4D70-95F2-9DFF6F7C7D50}.Release|x86.Build.0 = Release|Any CPU
		{F1BE51BB-42F3-480C-8296-53982EB36221}.Debug|Any CPU.ActiveCfg = Debug|Any CPU
		{F1BE51BB-42F3-480C-8296-53982EB36221}.Debug|Any CPU.Build.0 = Debug|Any CPU
		{F1BE51BB-42F3-480C-8296-53982EB36221}.Debug|x64.ActiveCfg = Debug|Any CPU
		{F1BE51BB-42F3-480C-8296-53982EB36221}.Debug|x64.Build.0 = Debug|Any CPU
		{F1BE51BB-42F3-480C-8296-53982EB36221}.Debug|x86.ActiveCfg = Debug|Any CPU
		{F1BE51BB-42F3-480C-8296-53982EB36221}.Debug|x86.Build.0 = Debug|Any CPU
		{F1BE51BB-42F3-480C-8296-53982EB36221}.Release|Any CPU.ActiveCfg = Release|Any CPU
		{F1BE51BB-42F3-480C-8296-53982EB36221}.Release|Any CPU.Build.0 = Release|Any CPU
		{F1BE51BB-42F3-480C-8296-53982EB36221}.Release|x64.ActiveCfg = Release|Any CPU
		{F1BE51BB-42F3-480C-8296-53982EB36221}.Release|x64.Build.0 = Release|Any CPU
		{F1BE51BB-42F3-480C-8296-53982EB36221}.Release|x86.ActiveCfg = Release|Any CPU
		{F1BE51BB-42F3-480C-8296-53982EB36221}.Release|x86.Build.0 = Release|Any CPU
		{3842501D-B30D-4513-AB96-8FA807604865}.Debug|Any CPU.ActiveCfg = Debug|Any CPU
		{3842501D-B30D-4513-AB96-8FA807604865}.Debug|Any CPU.Build.0 = Debug|Any CPU
		{3842501D-B30D-4513-AB96-8FA807604865}.Debug|x64.ActiveCfg = Debug|Any CPU
		{3842501D-B30D-4513-AB96-8FA807604865}.Debug|x64.Build.0 = Debug|Any CPU
		{3842501D-B30D-4513-AB96-8FA807604865}.Debug|x86.ActiveCfg = Debug|Any CPU
		{3842501D-B30D-4513-AB96-8FA807604865}.Debug|x86.Build.0 = Debug|Any CPU
		{3842501D-B30D-4513-AB96-8FA807604865}.Release|Any CPU.ActiveCfg = Release|Any CPU
		{3842501D-B30D-4513-AB96-8FA807604865}.Release|Any CPU.Build.0 = Release|Any CPU
		{3842501D-B30D-4513-AB96-8FA807604865}.Release|x64.ActiveCfg = Release|Any CPU
		{3842501D-B30D-4513-AB96-8FA807604865}.Release|x64.Build.0 = Release|Any CPU
		{3842501D-B30D-4513-AB96-8FA807604865}.Release|x86.ActiveCfg = Release|Any CPU
		{3842501D-B30D-4513-AB96-8FA807604865}.Release|x86.Build.0 = Release|Any CPU
		{ADCB2C40-3BA3-4158-859C-BB9934E0DEC1}.Debug|Any CPU.ActiveCfg = Debug|Any CPU
		{ADCB2C40-3BA3-4158-859C-BB9934E0DEC1}.Debug|Any CPU.Build.0 = Debug|Any CPU
		{ADCB2C40-3BA3-4158-859C-BB9934E0DEC1}.Debug|x64.ActiveCfg = Debug|Any CPU
		{ADCB2C40-3BA3-4158-859C-BB9934E0DEC1}.Debug|x64.Build.0 = Debug|Any CPU
		{ADCB2C40-3BA3-4158-859C-BB9934E0DEC1}.Debug|x86.ActiveCfg = Debug|Any CPU
		{ADCB2C40-3BA3-4158-859C-BB9934E0DEC1}.Debug|x86.Build.0 = Debug|Any CPU
		{ADCB2C40-3BA3-4158-859C-BB9934E0DEC1}.Release|Any CPU.ActiveCfg = Release|Any CPU
		{ADCB2C40-3BA3-4158-859C-BB9934E0DEC1}.Release|Any CPU.Build.0 = Release|Any CPU
		{ADCB2C40-3BA3-4158-859C-BB9934E0DEC1}.Release|x64.ActiveCfg = Release|Any CPU
		{ADCB2C40-3BA3-4158-859C-BB9934E0DEC1}.Release|x64.Build.0 = Release|Any CPU
		{ADCB2C40-3BA3-4158-859C-BB9934E0DEC1}.Release|x86.ActiveCfg = Release|Any CPU
		{ADCB2C40-3BA3-4158-859C-BB9934E0DEC1}.Release|x86.Build.0 = Release|Any CPU
		{1D3A8269-7E69-4126-A3D0-2829FDB2DC4F}.Debug|Any CPU.ActiveCfg = Debug|Any CPU
		{1D3A8269-7E69-4126-A3D0-2829FDB2DC4F}.Debug|Any CPU.Build.0 = Debug|Any CPU
		{1D3A8269-7E69-4126-A3D0-2829FDB2DC4F}.Debug|x64.ActiveCfg = Debug|Any CPU
		{1D3A8269-7E69-4126-A3D0-2829FDB2DC4F}.Debug|x64.Build.0 = Debug|Any CPU
		{1D3A8269-7E69-4126-A3D0-2829FDB2DC4F}.Debug|x86.ActiveCfg = Debug|Any CPU
		{1D3A8269-7E69-4126-A3D0-2829FDB2DC4F}.Debug|x86.Build.0 = Debug|Any CPU
		{1D3A8269-7E69-4126-A3D0-2829FDB2DC4F}.Release|Any CPU.ActiveCfg = Release|Any CPU
		{1D3A8269-7E69-4126-A3D0-2829FDB2DC4F}.Release|Any CPU.Build.0 = Release|Any CPU
		{1D3A8269-7E69-4126-A3D0-2829FDB2DC4F}.Release|x64.ActiveCfg = Release|Any CPU
		{1D3A8269-7E69-4126-A3D0-2829FDB2DC4F}.Release|x64.Build.0 = Release|Any CPU
		{1D3A8269-7E69-4126-A3D0-2829FDB2DC4F}.Release|x86.ActiveCfg = Release|Any CPU
		{1D3A8269-7E69-4126-A3D0-2829FDB2DC4F}.Release|x86.Build.0 = Release|Any CPU
		{EE87BD51-A117-4064-BC16-D9360A717EA0}.Debug|Any CPU.ActiveCfg = Debug|Any CPU
		{EE87BD51-A117-4064-BC16-D9360A717EA0}.Debug|Any CPU.Build.0 = Debug|Any CPU
		{EE87BD51-A117-4064-BC16-D9360A717EA0}.Debug|x64.ActiveCfg = Debug|Any CPU
		{EE87BD51-A117-4064-BC16-D9360A717EA0}.Debug|x64.Build.0 = Debug|Any CPU
		{EE87BD51-A117-4064-BC16-D9360A717EA0}.Debug|x86.ActiveCfg = Debug|Any CPU
		{EE87BD51-A117-4064-BC16-D9360A717EA0}.Debug|x86.Build.0 = Debug|Any CPU
		{EE87BD51-A117-4064-BC16-D9360A717EA0}.Release|Any CPU.ActiveCfg = Release|Any CPU
		{EE87BD51-A117-4064-BC16-D9360A717EA0}.Release|Any CPU.Build.0 = Release|Any CPU
		{EE87BD51-A117-4064-BC16-D9360A717EA0}.Release|x64.ActiveCfg = Release|Any CPU
		{EE87BD51-A117-4064-BC16-D9360A717EA0}.Release|x64.Build.0 = Release|Any CPU
		{EE87BD51-A117-4064-BC16-D9360A717EA0}.Release|x86.ActiveCfg = Release|Any CPU
		{EE87BD51-A117-4064-BC16-D9360A717EA0}.Release|x86.Build.0 = Release|Any CPU
		{04DBC25C-909D-43EB-A40B-34B8E515F411}.Debug|Any CPU.ActiveCfg = Debug|Any CPU
		{04DBC25C-909D-43EB-A40B-34B8E515F411}.Debug|Any CPU.Build.0 = Debug|Any CPU
		{04DBC25C-909D-43EB-A40B-34B8E515F411}.Debug|x64.ActiveCfg = Debug|Any CPU
		{04DBC25C-909D-43EB-A40B-34B8E515F411}.Debug|x64.Build.0 = Debug|Any CPU
		{04DBC25C-909D-43EB-A40B-34B8E515F411}.Debug|x86.ActiveCfg = Debug|Any CPU
		{04DBC25C-909D-43EB-A40B-34B8E515F411}.Debug|x86.Build.0 = Debug|Any CPU
		{04DBC25C-909D-43EB-A40B-34B8E515F411}.Release|Any CPU.ActiveCfg = Release|Any CPU
		{04DBC25C-909D-43EB-A40B-34B8E515F411}.Release|Any CPU.Build.0 = Release|Any CPU
		{04DBC25C-909D-43EB-A40B-34B8E515F411}.Release|x64.ActiveCfg = Release|Any CPU
		{04DBC25C-909D-43EB-A40B-34B8E515F411}.Release|x64.Build.0 = Release|Any CPU
		{04DBC25C-909D-43EB-A40B-34B8E515F411}.Release|x86.ActiveCfg = Release|Any CPU
		{04DBC25C-909D-43EB-A40B-34B8E515F411}.Release|x86.Build.0 = Release|Any CPU
		{EE6CF8CE-1C04-4ACF-84FE-68B366B44821}.Debug|Any CPU.ActiveCfg = Debug|Any CPU
		{EE6CF8CE-1C04-4ACF-84FE-68B366B44821}.Debug|Any CPU.Build.0 = Debug|Any CPU
		{EE6CF8CE-1C04-4ACF-84FE-68B366B44821}.Debug|x64.ActiveCfg = Debug|Any CPU
		{EE6CF8CE-1C04-4ACF-84FE-68B366B44821}.Debug|x64.Build.0 = Debug|Any CPU
		{EE6CF8CE-1C04-4ACF-84FE-68B366B44821}.Debug|x86.ActiveCfg = Debug|Any CPU
		{EE6CF8CE-1C04-4ACF-84FE-68B366B44821}.Debug|x86.Build.0 = Debug|Any CPU
		{EE6CF8CE-1C04-4ACF-84FE-68B366B44821}.Release|Any CPU.ActiveCfg = Release|Any CPU
		{EE6CF8CE-1C04-4ACF-84FE-68B366B44821}.Release|Any CPU.Build.0 = Release|Any CPU
		{EE6CF8CE-1C04-4ACF-84FE-68B366B44821}.Release|x64.ActiveCfg = Release|Any CPU
		{EE6CF8CE-1C04-4ACF-84FE-68B366B44821}.Release|x64.Build.0 = Release|Any CPU
		{EE6CF8CE-1C04-4ACF-84FE-68B366B44821}.Release|x86.ActiveCfg = Release|Any CPU
		{EE6CF8CE-1C04-4ACF-84FE-68B366B44821}.Release|x86.Build.0 = Release|Any CPU
		{A9A356BB-4001-47AB-9A54-01A61839931D}.Debug|Any CPU.ActiveCfg = Debug|Any CPU
		{A9A356BB-4001-47AB-9A54-01A61839931D}.Debug|Any CPU.Build.0 = Debug|Any CPU
		{A9A356BB-4001-47AB-9A54-01A61839931D}.Debug|x64.ActiveCfg = Debug|Any CPU
		{A9A356BB-4001-47AB-9A54-01A61839931D}.Debug|x64.Build.0 = Debug|Any CPU
		{A9A356BB-4001-47AB-9A54-01A61839931D}.Debug|x86.ActiveCfg = Debug|Any CPU
		{A9A356BB-4001-47AB-9A54-01A61839931D}.Debug|x86.Build.0 = Debug|Any CPU
		{A9A356BB-4001-47AB-9A54-01A61839931D}.Release|Any CPU.ActiveCfg = Release|Any CPU
		{A9A356BB-4001-47AB-9A54-01A61839931D}.Release|Any CPU.Build.0 = Release|Any CPU
		{A9A356BB-4001-47AB-9A54-01A61839931D}.Release|x64.ActiveCfg = Release|Any CPU
		{A9A356BB-4001-47AB-9A54-01A61839931D}.Release|x64.Build.0 = Release|Any CPU
		{A9A356BB-4001-47AB-9A54-01A61839931D}.Release|x86.ActiveCfg = Release|Any CPU
		{A9A356BB-4001-47AB-9A54-01A61839931D}.Release|x86.Build.0 = Release|Any CPU
		{119CC6AB-71CF-49EB-A4ED-4766E481813F}.Debug|Any CPU.ActiveCfg = Debug|Any CPU
		{119CC6AB-71CF-49EB-A4ED-4766E481813F}.Debug|Any CPU.Build.0 = Debug|Any CPU
		{119CC6AB-71CF-49EB-A4ED-4766E481813F}.Debug|x64.ActiveCfg = Debug|Any CPU
		{119CC6AB-71CF-49EB-A4ED-4766E481813F}.Debug|x64.Build.0 = Debug|Any CPU
		{119CC6AB-71CF-49EB-A4ED-4766E481813F}.Debug|x86.ActiveCfg = Debug|Any CPU
		{119CC6AB-71CF-49EB-A4ED-4766E481813F}.Debug|x86.Build.0 = Debug|Any CPU
		{119CC6AB-71CF-49EB-A4ED-4766E481813F}.Release|Any CPU.ActiveCfg = Release|Any CPU
		{119CC6AB-71CF-49EB-A4ED-4766E481813F}.Release|Any CPU.Build.0 = Release|Any CPU
		{119CC6AB-71CF-49EB-A4ED-4766E481813F}.Release|x64.ActiveCfg = Release|Any CPU
		{119CC6AB-71CF-49EB-A4ED-4766E481813F}.Release|x64.Build.0 = Release|Any CPU
		{119CC6AB-71CF-49EB-A4ED-4766E481813F}.Release|x86.ActiveCfg = Release|Any CPU
		{119CC6AB-71CF-49EB-A4ED-4766E481813F}.Release|x86.Build.0 = Release|Any CPU
		{3C5B9C08-9852-432A-87BB-CCAB63AC03D6}.Debug|Any CPU.ActiveCfg = Debug|Any CPU
		{3C5B9C08-9852-432A-87BB-CCAB63AC03D6}.Debug|Any CPU.Build.0 = Debug|Any CPU
		{3C5B9C08-9852-432A-87BB-CCAB63AC03D6}.Debug|x64.ActiveCfg = Debug|Any CPU
		{3C5B9C08-9852-432A-87BB-CCAB63AC03D6}.Debug|x64.Build.0 = Debug|Any CPU
		{3C5B9C08-9852-432A-87BB-CCAB63AC03D6}.Debug|x86.ActiveCfg = Debug|Any CPU
		{3C5B9C08-9852-432A-87BB-CCAB63AC03D6}.Debug|x86.Build.0 = Debug|Any CPU
		{3C5B9C08-9852-432A-87BB-CCAB63AC03D6}.Release|Any CPU.ActiveCfg = Release|Any CPU
		{3C5B9C08-9852-432A-87BB-CCAB63AC03D6}.Release|Any CPU.Build.0 = Release|Any CPU
		{3C5B9C08-9852-432A-87BB-CCAB63AC03D6}.Release|x64.ActiveCfg = Release|Any CPU
		{3C5B9C08-9852-432A-87BB-CCAB63AC03D6}.Release|x64.Build.0 = Release|Any CPU
		{3C5B9C08-9852-432A-87BB-CCAB63AC03D6}.Release|x86.ActiveCfg = Release|Any CPU
		{3C5B9C08-9852-432A-87BB-CCAB63AC03D6}.Release|x86.Build.0 = Release|Any CPU
		{200E045E-2018-4073-8316-E635F134BC2E}.Debug|Any CPU.ActiveCfg = Debug|Any CPU
		{200E045E-2018-4073-8316-E635F134BC2E}.Debug|Any CPU.Build.0 = Debug|Any CPU
		{200E045E-2018-4073-8316-E635F134BC2E}.Debug|x64.ActiveCfg = Debug|Any CPU
		{200E045E-2018-4073-8316-E635F134BC2E}.Debug|x64.Build.0 = Debug|Any CPU
		{200E045E-2018-4073-8316-E635F134BC2E}.Debug|x86.ActiveCfg = Debug|Any CPU
		{200E045E-2018-4073-8316-E635F134BC2E}.Debug|x86.Build.0 = Debug|Any CPU
		{200E045E-2018-4073-8316-E635F134BC2E}.Release|Any CPU.ActiveCfg = Release|Any CPU
		{200E045E-2018-4073-8316-E635F134BC2E}.Release|Any CPU.Build.0 = Release|Any CPU
		{200E045E-2018-4073-8316-E635F134BC2E}.Release|x64.ActiveCfg = Release|Any CPU
		{200E045E-2018-4073-8316-E635F134BC2E}.Release|x64.Build.0 = Release|Any CPU
		{200E045E-2018-4073-8316-E635F134BC2E}.Release|x86.ActiveCfg = Release|Any CPU
		{200E045E-2018-4073-8316-E635F134BC2E}.Release|x86.Build.0 = Release|Any CPU
		{42D4551F-FDB0-46EC-8B42-10BA0BA9D5A0}.Debug|Any CPU.ActiveCfg = Debug|Any CPU
		{42D4551F-FDB0-46EC-8B42-10BA0BA9D5A0}.Debug|Any CPU.Build.0 = Debug|Any CPU
		{42D4551F-FDB0-46EC-8B42-10BA0BA9D5A0}.Debug|x64.ActiveCfg = Debug|Any CPU
		{42D4551F-FDB0-46EC-8B42-10BA0BA9D5A0}.Debug|x64.Build.0 = Debug|Any CPU
		{42D4551F-FDB0-46EC-8B42-10BA0BA9D5A0}.Debug|x86.ActiveCfg = Debug|Any CPU
		{42D4551F-FDB0-46EC-8B42-10BA0BA9D5A0}.Debug|x86.Build.0 = Debug|Any CPU
		{42D4551F-FDB0-46EC-8B42-10BA0BA9D5A0}.Release|Any CPU.ActiveCfg = Release|Any CPU
		{42D4551F-FDB0-46EC-8B42-10BA0BA9D5A0}.Release|Any CPU.Build.0 = Release|Any CPU
		{42D4551F-FDB0-46EC-8B42-10BA0BA9D5A0}.Release|x64.ActiveCfg = Release|Any CPU
		{42D4551F-FDB0-46EC-8B42-10BA0BA9D5A0}.Release|x64.Build.0 = Release|Any CPU
		{42D4551F-FDB0-46EC-8B42-10BA0BA9D5A0}.Release|x86.ActiveCfg = Release|Any CPU
		{42D4551F-FDB0-46EC-8B42-10BA0BA9D5A0}.Release|x86.Build.0 = Release|Any CPU
		{FB099A74-D3F9-4442-93DC-979BF336AC02}.Debug|Any CPU.ActiveCfg = Debug|Any CPU
		{FB099A74-D3F9-4442-93DC-979BF336AC02}.Debug|Any CPU.Build.0 = Debug|Any CPU
		{FB099A74-D3F9-4442-93DC-979BF336AC02}.Debug|x64.ActiveCfg = Debug|Any CPU
		{FB099A74-D3F9-4442-93DC-979BF336AC02}.Debug|x64.Build.0 = Debug|Any CPU
		{FB099A74-D3F9-4442-93DC-979BF336AC02}.Debug|x86.ActiveCfg = Debug|Any CPU
		{FB099A74-D3F9-4442-93DC-979BF336AC02}.Debug|x86.Build.0 = Debug|Any CPU
		{FB099A74-D3F9-4442-93DC-979BF336AC02}.Release|Any CPU.ActiveCfg = Release|Any CPU
		{FB099A74-D3F9-4442-93DC-979BF336AC02}.Release|Any CPU.Build.0 = Release|Any CPU
		{FB099A74-D3F9-4442-93DC-979BF336AC02}.Release|x64.ActiveCfg = Release|Any CPU
		{FB099A74-D3F9-4442-93DC-979BF336AC02}.Release|x64.Build.0 = Release|Any CPU
		{FB099A74-D3F9-4442-93DC-979BF336AC02}.Release|x86.ActiveCfg = Release|Any CPU
		{FB099A74-D3F9-4442-93DC-979BF336AC02}.Release|x86.Build.0 = Release|Any CPU
		{754B8FF2-D46F-4F95-966B-E8601F73823A}.Debug|Any CPU.ActiveCfg = Debug|Any CPU
		{754B8FF2-D46F-4F95-966B-E8601F73823A}.Debug|Any CPU.Build.0 = Debug|Any CPU
		{754B8FF2-D46F-4F95-966B-E8601F73823A}.Debug|x64.ActiveCfg = Debug|Any CPU
		{754B8FF2-D46F-4F95-966B-E8601F73823A}.Debug|x64.Build.0 = Debug|Any CPU
		{754B8FF2-D46F-4F95-966B-E8601F73823A}.Debug|x86.ActiveCfg = Debug|Any CPU
		{754B8FF2-D46F-4F95-966B-E8601F73823A}.Debug|x86.Build.0 = Debug|Any CPU
		{754B8FF2-D46F-4F95-966B-E8601F73823A}.Release|Any CPU.ActiveCfg = Release|Any CPU
		{754B8FF2-D46F-4F95-966B-E8601F73823A}.Release|Any CPU.Build.0 = Release|Any CPU
		{754B8FF2-D46F-4F95-966B-E8601F73823A}.Release|x64.ActiveCfg = Release|Any CPU
		{754B8FF2-D46F-4F95-966B-E8601F73823A}.Release|x64.Build.0 = Release|Any CPU
		{754B8FF2-D46F-4F95-966B-E8601F73823A}.Release|x86.ActiveCfg = Release|Any CPU
		{754B8FF2-D46F-4F95-966B-E8601F73823A}.Release|x86.Build.0 = Release|Any CPU
		{134AC830-DD95-4823-8CDD-0D103D25FD92}.Debug|Any CPU.ActiveCfg = Debug|Any CPU
		{134AC830-DD95-4823-8CDD-0D103D25FD92}.Debug|Any CPU.Build.0 = Debug|Any CPU
		{134AC830-DD95-4823-8CDD-0D103D25FD92}.Debug|x64.ActiveCfg = Debug|Any CPU
		{134AC830-DD95-4823-8CDD-0D103D25FD92}.Debug|x64.Build.0 = Debug|Any CPU
		{134AC830-DD95-4823-8CDD-0D103D25FD92}.Debug|x86.ActiveCfg = Debug|Any CPU
		{134AC830-DD95-4823-8CDD-0D103D25FD92}.Debug|x86.Build.0 = Debug|Any CPU
		{134AC830-DD95-4823-8CDD-0D103D25FD92}.Release|Any CPU.ActiveCfg = Release|Any CPU
		{134AC830-DD95-4823-8CDD-0D103D25FD92}.Release|Any CPU.Build.0 = Release|Any CPU
		{134AC830-DD95-4823-8CDD-0D103D25FD92}.Release|x64.ActiveCfg = Release|Any CPU
		{134AC830-DD95-4823-8CDD-0D103D25FD92}.Release|x64.Build.0 = Release|Any CPU
		{134AC830-DD95-4823-8CDD-0D103D25FD92}.Release|x86.ActiveCfg = Release|Any CPU
		{134AC830-DD95-4823-8CDD-0D103D25FD92}.Release|x86.Build.0 = Release|Any CPU
		{EA5DB944-2726-4283-A0A0-38D35B8BE8B3}.Debug|Any CPU.ActiveCfg = Debug|Any CPU
		{EA5DB944-2726-4283-A0A0-38D35B8BE8B3}.Debug|Any CPU.Build.0 = Debug|Any CPU
		{EA5DB944-2726-4283-A0A0-38D35B8BE8B3}.Debug|x64.ActiveCfg = Debug|Any CPU
		{EA5DB944-2726-4283-A0A0-38D35B8BE8B3}.Debug|x64.Build.0 = Debug|Any CPU
		{EA5DB944-2726-4283-A0A0-38D35B8BE8B3}.Debug|x86.ActiveCfg = Debug|Any CPU
		{EA5DB944-2726-4283-A0A0-38D35B8BE8B3}.Debug|x86.Build.0 = Debug|Any CPU
		{EA5DB944-2726-4283-A0A0-38D35B8BE8B3}.Release|Any CPU.ActiveCfg = Release|Any CPU
		{EA5DB944-2726-4283-A0A0-38D35B8BE8B3}.Release|Any CPU.Build.0 = Release|Any CPU
		{EA5DB944-2726-4283-A0A0-38D35B8BE8B3}.Release|x64.ActiveCfg = Release|Any CPU
		{EA5DB944-2726-4283-A0A0-38D35B8BE8B3}.Release|x64.Build.0 = Release|Any CPU
		{EA5DB944-2726-4283-A0A0-38D35B8BE8B3}.Release|x86.ActiveCfg = Release|Any CPU
		{EA5DB944-2726-4283-A0A0-38D35B8BE8B3}.Release|x86.Build.0 = Release|Any CPU
		{DE753A5B-9970-4D85-B563-B259F676C15D}.Debug|Any CPU.ActiveCfg = Debug|Any CPU
		{DE753A5B-9970-4D85-B563-B259F676C15D}.Debug|Any CPU.Build.0 = Debug|Any CPU
		{DE753A5B-9970-4D85-B563-B259F676C15D}.Debug|x64.ActiveCfg = Debug|Any CPU
		{DE753A5B-9970-4D85-B563-B259F676C15D}.Debug|x64.Build.0 = Debug|Any CPU
		{DE753A5B-9970-4D85-B563-B259F676C15D}.Debug|x86.ActiveCfg = Debug|Any CPU
		{DE753A5B-9970-4D85-B563-B259F676C15D}.Debug|x86.Build.0 = Debug|Any CPU
		{DE753A5B-9970-4D85-B563-B259F676C15D}.Release|Any CPU.ActiveCfg = Release|Any CPU
		{DE753A5B-9970-4D85-B563-B259F676C15D}.Release|Any CPU.Build.0 = Release|Any CPU
		{DE753A5B-9970-4D85-B563-B259F676C15D}.Release|x64.ActiveCfg = Release|Any CPU
		{DE753A5B-9970-4D85-B563-B259F676C15D}.Release|x64.Build.0 = Release|Any CPU
		{DE753A5B-9970-4D85-B563-B259F676C15D}.Release|x86.ActiveCfg = Release|Any CPU
		{DE753A5B-9970-4D85-B563-B259F676C15D}.Release|x86.Build.0 = Release|Any CPU
		{65ABA488-7586-40DB-A307-5926C91190D3}.Debug|Any CPU.ActiveCfg = Debug|Any CPU
		{65ABA488-7586-40DB-A307-5926C91190D3}.Debug|Any CPU.Build.0 = Debug|Any CPU
		{65ABA488-7586-40DB-A307-5926C91190D3}.Debug|x64.ActiveCfg = Debug|Any CPU
		{65ABA488-7586-40DB-A307-5926C91190D3}.Debug|x64.Build.0 = Debug|Any CPU
		{65ABA488-7586-40DB-A307-5926C91190D3}.Debug|x86.ActiveCfg = Debug|Any CPU
		{65ABA488-7586-40DB-A307-5926C91190D3}.Debug|x86.Build.0 = Debug|Any CPU
		{65ABA488-7586-40DB-A307-5926C91190D3}.Release|Any CPU.ActiveCfg = Release|Any CPU
		{65ABA488-7586-40DB-A307-5926C91190D3}.Release|Any CPU.Build.0 = Release|Any CPU
		{65ABA488-7586-40DB-A307-5926C91190D3}.Release|x64.ActiveCfg = Release|Any CPU
		{65ABA488-7586-40DB-A307-5926C91190D3}.Release|x64.Build.0 = Release|Any CPU
		{65ABA488-7586-40DB-A307-5926C91190D3}.Release|x86.ActiveCfg = Release|Any CPU
		{65ABA488-7586-40DB-A307-5926C91190D3}.Release|x86.Build.0 = Release|Any CPU
		{88C1B4CB-0DFB-496E-9FCF-4E3A5FF69245}.Debug|Any CPU.ActiveCfg = Debug|Any CPU
		{88C1B4CB-0DFB-496E-9FCF-4E3A5FF69245}.Debug|Any CPU.Build.0 = Debug|Any CPU
		{88C1B4CB-0DFB-496E-9FCF-4E3A5FF69245}.Debug|x64.ActiveCfg = Debug|Any CPU
		{88C1B4CB-0DFB-496E-9FCF-4E3A5FF69245}.Debug|x64.Build.0 = Debug|Any CPU
		{88C1B4CB-0DFB-496E-9FCF-4E3A5FF69245}.Debug|x86.ActiveCfg = Debug|Any CPU
		{88C1B4CB-0DFB-496E-9FCF-4E3A5FF69245}.Debug|x86.Build.0 = Debug|Any CPU
		{88C1B4CB-0DFB-496E-9FCF-4E3A5FF69245}.Release|Any CPU.ActiveCfg = Release|Any CPU
		{88C1B4CB-0DFB-496E-9FCF-4E3A5FF69245}.Release|Any CPU.Build.0 = Release|Any CPU
		{88C1B4CB-0DFB-496E-9FCF-4E3A5FF69245}.Release|x64.ActiveCfg = Release|Any CPU
		{88C1B4CB-0DFB-496E-9FCF-4E3A5FF69245}.Release|x64.Build.0 = Release|Any CPU
		{88C1B4CB-0DFB-496E-9FCF-4E3A5FF69245}.Release|x86.ActiveCfg = Release|Any CPU
		{88C1B4CB-0DFB-496E-9FCF-4E3A5FF69245}.Release|x86.Build.0 = Release|Any CPU
		{CADAFD9F-312B-4BB4-A965-36724DACA32D}.Debug|Any CPU.ActiveCfg = Debug|Any CPU
		{CADAFD9F-312B-4BB4-A965-36724DACA32D}.Debug|Any CPU.Build.0 = Debug|Any CPU
		{CADAFD9F-312B-4BB4-A965-36724DACA32D}.Debug|x64.ActiveCfg = Debug|Any CPU
		{CADAFD9F-312B-4BB4-A965-36724DACA32D}.Debug|x64.Build.0 = Debug|Any CPU
		{CADAFD9F-312B-4BB4-A965-36724DACA32D}.Debug|x86.ActiveCfg = Debug|Any CPU
		{CADAFD9F-312B-4BB4-A965-36724DACA32D}.Debug|x86.Build.0 = Debug|Any CPU
		{CADAFD9F-312B-4BB4-A965-36724DACA32D}.Release|Any CPU.ActiveCfg = Release|Any CPU
		{CADAFD9F-312B-4BB4-A965-36724DACA32D}.Release|Any CPU.Build.0 = Release|Any CPU
		{CADAFD9F-312B-4BB4-A965-36724DACA32D}.Release|x64.ActiveCfg = Release|Any CPU
		{CADAFD9F-312B-4BB4-A965-36724DACA32D}.Release|x64.Build.0 = Release|Any CPU
		{CADAFD9F-312B-4BB4-A965-36724DACA32D}.Release|x86.ActiveCfg = Release|Any CPU
		{CADAFD9F-312B-4BB4-A965-36724DACA32D}.Release|x86.Build.0 = Release|Any CPU
		{1ACFAC23-74DC-4BF5-9FA2-096581D1758D}.Debug|Any CPU.ActiveCfg = Debug|Any CPU
		{1ACFAC23-74DC-4BF5-9FA2-096581D1758D}.Debug|Any CPU.Build.0 = Debug|Any CPU
		{1ACFAC23-74DC-4BF5-9FA2-096581D1758D}.Debug|x64.ActiveCfg = Debug|Any CPU
		{1ACFAC23-74DC-4BF5-9FA2-096581D1758D}.Debug|x64.Build.0 = Debug|Any CPU
		{1ACFAC23-74DC-4BF5-9FA2-096581D1758D}.Debug|x86.ActiveCfg = Debug|Any CPU
		{1ACFAC23-74DC-4BF5-9FA2-096581D1758D}.Debug|x86.Build.0 = Debug|Any CPU
		{1ACFAC23-74DC-4BF5-9FA2-096581D1758D}.Release|Any CPU.ActiveCfg = Release|Any CPU
		{1ACFAC23-74DC-4BF5-9FA2-096581D1758D}.Release|Any CPU.Build.0 = Release|Any CPU
		{1ACFAC23-74DC-4BF5-9FA2-096581D1758D}.Release|x64.ActiveCfg = Release|Any CPU
		{1ACFAC23-74DC-4BF5-9FA2-096581D1758D}.Release|x64.Build.0 = Release|Any CPU
		{1ACFAC23-74DC-4BF5-9FA2-096581D1758D}.Release|x86.ActiveCfg = Release|Any CPU
		{1ACFAC23-74DC-4BF5-9FA2-096581D1758D}.Release|x86.Build.0 = Release|Any CPU
		{BD706530-FA17-4D5D-9783-62CE86044627}.Debug|Any CPU.ActiveCfg = Debug|Any CPU
		{BD706530-FA17-4D5D-9783-62CE86044627}.Debug|Any CPU.Build.0 = Debug|Any CPU
		{BD706530-FA17-4D5D-9783-62CE86044627}.Debug|x64.ActiveCfg = Debug|Any CPU
		{BD706530-FA17-4D5D-9783-62CE86044627}.Debug|x64.Build.0 = Debug|Any CPU
		{BD706530-FA17-4D5D-9783-62CE86044627}.Debug|x86.ActiveCfg = Debug|Any CPU
		{BD706530-FA17-4D5D-9783-62CE86044627}.Debug|x86.Build.0 = Debug|Any CPU
		{BD706530-FA17-4D5D-9783-62CE86044627}.Release|Any CPU.ActiveCfg = Release|Any CPU
		{BD706530-FA17-4D5D-9783-62CE86044627}.Release|Any CPU.Build.0 = Release|Any CPU
		{BD706530-FA17-4D5D-9783-62CE86044627}.Release|x64.ActiveCfg = Release|Any CPU
		{BD706530-FA17-4D5D-9783-62CE86044627}.Release|x64.Build.0 = Release|Any CPU
		{BD706530-FA17-4D5D-9783-62CE86044627}.Release|x86.ActiveCfg = Release|Any CPU
		{BD706530-FA17-4D5D-9783-62CE86044627}.Release|x86.Build.0 = Release|Any CPU
		{B6636C06-6DCC-43D6-B950-1C1E458AA1E0}.Debug|Any CPU.ActiveCfg = Debug|Any CPU
		{B6636C06-6DCC-43D6-B950-1C1E458AA1E0}.Debug|Any CPU.Build.0 = Debug|Any CPU
		{B6636C06-6DCC-43D6-B950-1C1E458AA1E0}.Debug|x64.ActiveCfg = Debug|Any CPU
		{B6636C06-6DCC-43D6-B950-1C1E458AA1E0}.Debug|x64.Build.0 = Debug|Any CPU
		{B6636C06-6DCC-43D6-B950-1C1E458AA1E0}.Debug|x86.ActiveCfg = Debug|Any CPU
		{B6636C06-6DCC-43D6-B950-1C1E458AA1E0}.Debug|x86.Build.0 = Debug|Any CPU
		{B6636C06-6DCC-43D6-B950-1C1E458AA1E0}.Release|Any CPU.ActiveCfg = Release|Any CPU
		{B6636C06-6DCC-43D6-B950-1C1E458AA1E0}.Release|Any CPU.Build.0 = Release|Any CPU
		{B6636C06-6DCC-43D6-B950-1C1E458AA1E0}.Release|x64.ActiveCfg = Release|Any CPU
		{B6636C06-6DCC-43D6-B950-1C1E458AA1E0}.Release|x64.Build.0 = Release|Any CPU
		{B6636C06-6DCC-43D6-B950-1C1E458AA1E0}.Release|x86.ActiveCfg = Release|Any CPU
		{B6636C06-6DCC-43D6-B950-1C1E458AA1E0}.Release|x86.Build.0 = Release|Any CPU
	EndGlobalSection
	GlobalSection(SolutionProperties) = preSolution
		HideSolutionNode = FALSE
	EndGlobalSection
	GlobalSection(NestedProjects) = preSolution
		{1CF411AB-1B9C-465D-8151-9A49116DF08D} = {E1325558-AB53-4A6C-B557-E124CC3312E0}
		{0D8E3DC0-AF54-4332-AB44-15EF770B4ABD} = {B8619DAE-1408-401D-B719-360D6392A1C5}
		{504FC282-31B5-4A4F-B76F-8FBEF4D9E656} = {B8619DAE-1408-401D-B719-360D6392A1C5}
		{9DE7D1F8-4DB5-455A-B004-7BB855F0B1B4} = {B8619DAE-1408-401D-B719-360D6392A1C5}
		{1198F0C0-88AD-4549-B54F-9C5502B6A94F} = {B8619DAE-1408-401D-B719-360D6392A1C5}
		{B90CFEA3-781A-4F82-9053-5162007889EB} = {B8619DAE-1408-401D-B719-360D6392A1C5}
		{2C6A0E1E-2E9B-4311-B8A1-6277EED085FB} = {B8619DAE-1408-401D-B719-360D6392A1C5}
		{AFF1CE85-4F10-429C-9927-041B934CDA84} = {B8619DAE-1408-401D-B719-360D6392A1C5}
		{D6CC911B-90AC-4548-9D8A-F8D79270D115} = {B8619DAE-1408-401D-B719-360D6392A1C5}
		{B1C5BDD8-EDEC-4A7D-82C9-97718566C3C6} = {B8619DAE-1408-401D-B719-360D6392A1C5}
		{196851C3-E873-473F-B8FD-90AD7658997D} = {B8619DAE-1408-401D-B719-360D6392A1C5}
		{45913BD3-AE5E-457B-92B9-8FBA0B84D421} = {E1325558-AB53-4A6C-B557-E124CC3312E0}
		{6D71911F-82DC-4941-86FF-389A134E67DF} = {E1325558-AB53-4A6C-B557-E124CC3312E0}
		{7CDD3788-2DE1-40F8-AEC1-FD95B7EDA156} = {E1325558-AB53-4A6C-B557-E124CC3312E0}
		{DDFAA42D-E0D2-4337-A52C-E192ECFE2240} = {E1325558-AB53-4A6C-B557-E124CC3312E0}
		{BBA09764-24CA-4ACB-8119-24C13ED7A146} = {E1325558-AB53-4A6C-B557-E124CC3312E0}
		{139E4CA7-0BFE-4219-BEAF-27D272CE03E6} = {E1325558-AB53-4A6C-B557-E124CC3312E0}
		{23A911C2-37B5-430A-9D4E-68331EAA7349} = {E1325558-AB53-4A6C-B557-E124CC3312E0}
		{9916387B-2F00-4C51-AF0D-10B2BCE4419C} = {E1325558-AB53-4A6C-B557-E124CC3312E0}
		{F464939A-60A3-42C4-AD23-97842ED1F544} = {E1325558-AB53-4A6C-B557-E124CC3312E0}
		{A6A35B62-A13D-47BE-8229-DE7F214CDA4A} = {E1325558-AB53-4A6C-B557-E124CC3312E0}
		{478EA557-4A55-466C-9951-E6CF49C62837} = {E1325558-AB53-4A6C-B557-E124CC3312E0}
		{0AAF8AF0-2B01-49A6-9023-56C6243216BF} = {E1325558-AB53-4A6C-B557-E124CC3312E0}
		{A4246FBD-E2AB-412F-8C90-1D3CCFDBC335} = {E1325558-AB53-4A6C-B557-E124CC3312E0}
		{68F8E766-5556-4408-962E-FF1C46B92E20} = {E1325558-AB53-4A6C-B557-E124CC3312E0}
		{A88BEEBE-5D77-4321-8186-658A208E2FAA} = {B8619DAE-1408-401D-B719-360D6392A1C5}
		{19BA5AAA-2373-4807-B207-C88C48517264} = {B8619DAE-1408-401D-B719-360D6392A1C5}
		{7607EA01-A25D-43B1-93F3-BEDF8A653A65} = {3B0B5078-3954-47AA-B605-AE57F5C01C2C}
		{8406361A-1667-4EC3-8E70-72E121B4ED27} = {3B0B5078-3954-47AA-B605-AE57F5C01C2C}
		{50022537-57AC-4048-B8EB-6490E959AC9B} = {3B0B5078-3954-47AA-B605-AE57F5C01C2C}
		{149955B6-2369-4DC2-9CDD-05EC38F2C8B4} = {3367E018-A149-4217-8539-5BE6D4E1B394}
		{954D34E1-3BE1-4741-B1FA-1C4B442A8124} = {12F3D57F-8F01-4438-AB92-2B22F56B6E9E}
		{09B098A2-B0BD-4D70-95F2-9DFF6F7C7D50} = {1AF59B29-457A-41EE-9418-B7FA65AB87FE}
		{F1BE51BB-42F3-480C-8296-53982EB36221} = {B8619DAE-1408-401D-B719-360D6392A1C5}
		{3842501D-B30D-4513-AB96-8FA807604865} = {1AF59B29-457A-41EE-9418-B7FA65AB87FE}
		{ADCB2C40-3BA3-4158-859C-BB9934E0DEC1} = {1AF59B29-457A-41EE-9418-B7FA65AB87FE}
		{1D3A8269-7E69-4126-A3D0-2829FDB2DC4F} = {1AF59B29-457A-41EE-9418-B7FA65AB87FE}
		{EE87BD51-A117-4064-BC16-D9360A717EA0} = {1AF59B29-457A-41EE-9418-B7FA65AB87FE}
		{04DBC25C-909D-43EB-A40B-34B8E515F411} = {1AF59B29-457A-41EE-9418-B7FA65AB87FE}
		{EE6CF8CE-1C04-4ACF-84FE-68B366B44821} = {1AF59B29-457A-41EE-9418-B7FA65AB87FE}
		{A9A356BB-4001-47AB-9A54-01A61839931D} = {3367E018-A149-4217-8539-5BE6D4E1B394}
		{119CC6AB-71CF-49EB-A4ED-4766E481813F} = {1AF59B29-457A-41EE-9418-B7FA65AB87FE}
		{3C5B9C08-9852-432A-87BB-CCAB63AC03D6} = {3367E018-A149-4217-8539-5BE6D4E1B394}
		{200E045E-2018-4073-8316-E635F134BC2E} = {12F3D57F-8F01-4438-AB92-2B22F56B6E9E}
		{42D4551F-FDB0-46EC-8B42-10BA0BA9D5A0} = {12F3D57F-8F01-4438-AB92-2B22F56B6E9E}
		{FB099A74-D3F9-4442-93DC-979BF336AC02} = {B8619DAE-1408-401D-B719-360D6392A1C5}
		{754B8FF2-D46F-4F95-966B-E8601F73823A} = {B8619DAE-1408-401D-B719-360D6392A1C5}
		{134AC830-DD95-4823-8CDD-0D103D25FD92} = {B8619DAE-1408-401D-B719-360D6392A1C5}
		{EA5DB944-2726-4283-A0A0-38D35B8BE8B3} = {B8619DAE-1408-401D-B719-360D6392A1C5}
		{DE753A5B-9970-4D85-B563-B259F676C15D} = {3367E018-A149-4217-8539-5BE6D4E1B394}
		{65ABA488-7586-40DB-A307-5926C91190D3} = {12F3D57F-8F01-4438-AB92-2B22F56B6E9E}
		{88C1B4CB-0DFB-496E-9FCF-4E3A5FF69245} = {12F3D57F-8F01-4438-AB92-2B22F56B6E9E}
		{CADAFD9F-312B-4BB4-A965-36724DACA32D} = {1AF59B29-457A-41EE-9418-B7FA65AB87FE}
		{1ACFAC23-74DC-4BF5-9FA2-096581D1758D} = {1AF59B29-457A-41EE-9418-B7FA65AB87FE}
		{BD706530-FA17-4D5D-9783-62CE86044627} = {3367E018-A149-4217-8539-5BE6D4E1B394}
		{B6636C06-6DCC-43D6-B950-1C1E458AA1E0} = {E1325558-AB53-4A6C-B557-E124CC3312E0}
	EndGlobalSection
	GlobalSection(ExtensibilityGlobals) = postSolution
		SolutionGuid = {5BF05D0B-C3FB-4577-BAF5-2A23E3F4403F}
	EndGlobalSection
EndGlobal
